// !$*UTF8*$!
{
	archiveVersion = 1;
	classes = {
	};
	objectVersion = 46;
	objects = {
/* Begin PBXBuildFile section */
		0207DA581B56EA530066E2B4 /* Images.xcassets in Resources */ = {isa = PBXBuildFile; fileRef = 0207DA571B56EA530066E2B4 /* Images.xcassets */; };
		1D3623260D0F684500981E51 /* AppDelegate.m in Sources */ = {isa = PBXBuildFile; fileRef = 1D3623250D0F684500981E51 /* AppDelegate.m */; };
		1D60589B0D05DD56006BFB54 /* main.m in Sources */ = {isa = PBXBuildFile; fileRef = 29B97316FDCFA39411CA2CEA /* main.m */; };
		301BF552109A68D80062928A /* libCordova.a in Frameworks */ = {isa = PBXBuildFile; fileRef = 301BF535109A57CC0062928A /* libCordova.a */; };
		302D95F114D2391D003F00A1 /* MainViewController.m in Sources */ = {isa = PBXBuildFile; fileRef = 302D95EF14D2391D003F00A1 /* MainViewController.m */; };
		302D95F214D2391D003F00A1 /* MainViewController.xib in Resources */ = {isa = PBXBuildFile; fileRef = 302D95F014D2391D003F00A1 /* MainViewController.xib */; };
		3047A5121AB8059700498E2A /* build-debug.xcconfig in Resources */ = {isa = PBXBuildFile; fileRef = 3047A50F1AB8059700498E2A /* build-debug.xcconfig */; };
		3047A5131AB8059700498E2A /* build-release.xcconfig in Resources */ = {isa = PBXBuildFile; fileRef = 3047A5101AB8059700498E2A /* build-release.xcconfig */; };
		3047A5141AB8059700498E2A /* build.xcconfig in Resources */ = {isa = PBXBuildFile; fileRef = 3047A5111AB8059700498E2A /* build.xcconfig */; };
		6AFF5BF91D6E424B00AB3073 /* CDVLaunchScreen.storyboard in Resources */ = {isa = PBXBuildFile; fileRef = 6AFF5BF81D6E424B00AB3073 /* CDVLaunchScreen.storyboard */; };
		637C5C7C490B4F15BDC9D4DC /* BranchSDK.m in Sources */ = {isa = PBXBuildFile; fileRef = BA0824D71EAE409999524C47 /* BranchSDK.m */; };
		52AA5C6BF64349DF9BEE7BBC /* AppDelegate+BranchSdk.m in Sources */ = {isa = PBXBuildFile; fileRef = 6D9A10210B70474188967C92 /* AppDelegate+BranchSdk.m */; };
		91641FB1EAB140F79401F960 /* BNCApplication.m in Sources */ = {isa = PBXBuildFile; fileRef = 1035C00DE10041CDA0D081FB /* BNCApplication.m */; };
		223E703278614D89B4EE4A47 /* BNCAvailability.m in Sources */ = {isa = PBXBuildFile; fileRef = 193ACEE17F364EB0A3D3260C /* BNCAvailability.m */; };
		8E78BF98F5514A1EA9688573 /* BNCCommerceEvent.m in Sources */ = {isa = PBXBuildFile; fileRef = 54A74D76F1A34A798A0A6E77 /* BNCCommerceEvent.m */; };
		4D05B923201C412CAB7672A8 /* BNCConfig.m in Sources */ = {isa = PBXBuildFile; fileRef = CE971E53C6E54E8B99CB9FED /* BNCConfig.m */; };
		95B203186AFD4651AE6F08FE /* BNCContentDiscoveryManager.m in Sources */ = {isa = PBXBuildFile; fileRef = 320BC4E05E2242968A51DF28 /* BNCContentDiscoveryManager.m */; };
		4A728735622845B08580124B /* BNCCrashlyticsWrapper.m in Sources */ = {isa = PBXBuildFile; fileRef = 1ACAF39C53B24B0A9DDA1B70 /* BNCCrashlyticsWrapper.m */; };
		DD1AD9EF9C7B4920B486BEE4 /* BNCDebug.m in Sources */ = {isa = PBXBuildFile; fileRef = 205822A0602842AAB8F616E8 /* BNCDebug.m */; };
		7EC65A323D244DD289ED74CE /* BNCDeepLinkViewControllerInstance.m in Sources */ = {isa = PBXBuildFile; fileRef = F318DBD972224C908FBFB804 /* BNCDeepLinkViewControllerInstance.m */; };
		A9EA77CDB1B94543B9C27535 /* BNCDeviceInfo.m in Sources */ = {isa = PBXBuildFile; fileRef = 5069343ECA69471D971379DC /* BNCDeviceInfo.m */; };
		E75D01F4F599470B8E388593 /* BNCEncodingUtils.m in Sources */ = {isa = PBXBuildFile; fileRef = AA05D0ABA23C46FB9BAB89DC /* BNCEncodingUtils.m */; };
		1328A6193C824E589B33F1E8 /* BNCError.m in Sources */ = {isa = PBXBuildFile; fileRef = B8BC66CAF18A45B4A70B1D53 /* BNCError.m */; };
		343DFA205074437CB070A64E /* BNCFabricAnswers.m in Sources */ = {isa = PBXBuildFile; fileRef = AD08947FB22F45B384AFD80B /* BNCFabricAnswers.m */; };
		F6033BABAB2E439CAE305B6D /* BNCKeyChain.m in Sources */ = {isa = PBXBuildFile; fileRef = F0CADE9B2CBC4334827E8963 /* BNCKeyChain.m */; };
		241E723F38AC4816BF5C312A /* BNCLinkCache.m in Sources */ = {isa = PBXBuildFile; fileRef = 099297977C76495D8823AAA5 /* BNCLinkCache.m */; };
		1C716F8AC7A746CC82FC0BB5 /* BNCLinkData.m in Sources */ = {isa = PBXBuildFile; fileRef = 3411842EA137461A86EB193C /* BNCLinkData.m */; };
		55523448E6A54627BB361584 /* BNCLocalization.m in Sources */ = {isa = PBXBuildFile; fileRef = C9C8195951C9438B96457287 /* BNCLocalization.m */; };
		E9B3921ACA9F4D1A874756D9 /* BNCLog.m in Sources */ = {isa = PBXBuildFile; fileRef = 96A4DC5690A94640A83CF8AF /* BNCLog.m */; };
		E7B7F748A3BA495BB9E0705F /* BNCPreferenceHelper.m in Sources */ = {isa = PBXBuildFile; fileRef = D0CFCA89386B40A590136D33 /* BNCPreferenceHelper.m */; };
		B44AB98418DB4136940762DA /* BNCSpotlightService.m in Sources */ = {isa = PBXBuildFile; fileRef = 4E389400FC6E41EE904ADAF7 /* BNCSpotlightService.m */; };
		91D6779736BD4E83A2ED716B /* BNCStrongMatchHelper.m in Sources */ = {isa = PBXBuildFile; fileRef = 6CAAD686DD984CDC8428741D /* BNCStrongMatchHelper.m */; };
		B3CA52119D184F1C9B7EF32E /* BNCSystemObserver.m in Sources */ = {isa = PBXBuildFile; fileRef = E749F355144B4076A2CA155F /* BNCSystemObserver.m */; };
		F261077A29ED4C2BABCA4EFF /* BNCURLBlackList.m in Sources */ = {isa = PBXBuildFile; fileRef = 06FA70C56448438F9B33D24F /* BNCURLBlackList.m */; };
		0652B50BC19E4004B1FA991F /* Branch+Validator.m in Sources */ = {isa = PBXBuildFile; fileRef = 062B59A1377B4681B5DFCB3D /* Branch+Validator.m */; };
		4579B03618B1483792B915F1 /* Branch.m in Sources */ = {isa = PBXBuildFile; fileRef = 3DDD0278CF104B2EB6B38F9B /* Branch.m */; };
		E4258DBB093246C4845FA4AE /* BranchActivityItemProvider.m in Sources */ = {isa = PBXBuildFile; fileRef = A50C64C523954EB690BF39BF /* BranchActivityItemProvider.m */; };
		46456B839D1C4565BAF10D44 /* BranchCSSearchableItemAttributeSet.m in Sources */ = {isa = PBXBuildFile; fileRef = 55F7C551246F44ECBFAB2180 /* BranchCSSearchableItemAttributeSet.m */; };
		8D53F1B7609B47F6AF928FE8 /* BranchConstants.m in Sources */ = {isa = PBXBuildFile; fileRef = D3ED2D52FC5F49AFAF320F4E /* BranchConstants.m */; };
		8FD83C96139548439D32AAB1 /* BranchContentDiscoverer.m in Sources */ = {isa = PBXBuildFile; fileRef = ACD7FD9749B34F5F8E5E4D83 /* BranchContentDiscoverer.m */; };
		A1D7D05AA43E4D8AA42E4752 /* BranchContentDiscoveryManifest.m in Sources */ = {isa = PBXBuildFile; fileRef = 49650C6D54DD48C49F757E66 /* BranchContentDiscoveryManifest.m */; };
		C75916BB9FD743C590AFCC77 /* BranchContentPathProperties.m in Sources */ = {isa = PBXBuildFile; fileRef = 53C89E17292640B5B36165C8 /* BranchContentPathProperties.m */; };
		2EB24A0A81C34EF89051BB21 /* BranchDelegate.m in Sources */ = {isa = PBXBuildFile; fileRef = 2A267432174841F1B68D6896 /* BranchDelegate.m */; };
		D0266E7A0764470CBA452AA1 /* BranchEvent.m in Sources */ = {isa = PBXBuildFile; fileRef = 42F38A6714CC446F8DA0C96E /* BranchEvent.m */; };
		FEB03F0C4635488A9F4BFA38 /* BranchLinkProperties.m in Sources */ = {isa = PBXBuildFile; fileRef = 5BD3B6A4135C4445A2672091 /* BranchLinkProperties.m */; };
		2738473BF5694871B8E2FF11 /* BranchShareLink.m in Sources */ = {isa = PBXBuildFile; fileRef = 4D56AC70784F49AE912EDE9A /* BranchShareLink.m */; };
		919FCCFE3FDB41EAA6A28E21 /* BranchUniversalObject.m in Sources */ = {isa = PBXBuildFile; fileRef = 43688F8C127A434886702C44 /* BranchUniversalObject.m */; };
		7FDB563A83FB4E49A020A7CE /* BranchView.m in Sources */ = {isa = PBXBuildFile; fileRef = 034D09FBF8974592AFD22C7F /* BranchView.m */; };
		3EAC404AD31C4BFD9DCC1EAB /* BranchViewHandler.m in Sources */ = {isa = PBXBuildFile; fileRef = 73E493930B10422F946AD5FA /* BranchViewHandler.m */; };
		FCBE439AD373496698A7E3A1 /* NSMutableDictionary+Branch.m in Sources */ = {isa = PBXBuildFile; fileRef = 8002BD278E1A47999A9E84C9 /* NSMutableDictionary+Branch.m */; };
		DDB0393493054E3896494668 /* NSString+Branch.m in Sources */ = {isa = PBXBuildFile; fileRef = 8356F72401024F2C8518B384 /* NSString+Branch.m */; };
		C34F18B89DDD41EF987318A8 /* UIViewController+Branch.m in Sources */ = {isa = PBXBuildFile; fileRef = 587ABE4A60D3484F830FB9BB /* UIViewController+Branch.m */; };
		9D39528B249045478C30D75C /* BNCNetworkService.m in Sources */ = {isa = PBXBuildFile; fileRef = 87FFBFD633FB4268AECEB40F /* BNCNetworkService.m */; };
		E507C744DB10478BB1AF07E5 /* BNCServerInterface.m in Sources */ = {isa = PBXBuildFile; fileRef = E82A4CCCFBA1471CB6CB17E5 /* BNCServerInterface.m */; };
		99074B0556324BB5B82489BA /* BNCServerRequest.m in Sources */ = {isa = PBXBuildFile; fileRef = 2616ADE09ECC44748627D94B /* BNCServerRequest.m */; };
		82F28B947DE2415FBEC47E1F /* BNCServerRequestQueue.m in Sources */ = {isa = PBXBuildFile; fileRef = 7A6B71433D264A2286A28D79 /* BNCServerRequestQueue.m */; };
		6DB0AF036B2B4F7293086C0F /* BNCServerResponse.m in Sources */ = {isa = PBXBuildFile; fileRef = 3BBA80675D7F41B6AB877216 /* BNCServerResponse.m */; };
		8D4BADBC541F454289CE9A1A /* BranchCloseRequest.m in Sources */ = {isa = PBXBuildFile; fileRef = 0B0093F500EA4B74BE9A89D3 /* BranchCloseRequest.m */; };
		3116CB99BA9F40D8BA3FB150 /* BranchCreditHistoryRequest.m in Sources */ = {isa = PBXBuildFile; fileRef = 1C49D6E253164E2AA4988C16 /* BranchCreditHistoryRequest.m */; };
		BF882F5DC7004AB1AC0F3E00 /* BranchInstallRequest.m in Sources */ = {isa = PBXBuildFile; fileRef = 5EEB2C6900754DB3A5EFA63E /* BranchInstallRequest.m */; };
		BE95D059424F4E6796A8210F /* BranchLoadRewardsRequest.m in Sources */ = {isa = PBXBuildFile; fileRef = 36E79B8C687D46BAA1B56F9F /* BranchLoadRewardsRequest.m */; };
		0309A1CDB2794D86815FB313 /* BranchLogoutRequest.m in Sources */ = {isa = PBXBuildFile; fileRef = E6ACB90A66154DE3924A1496 /* BranchLogoutRequest.m */; };
		98CF926258864B10AFA2C66E /* BranchOpenRequest.m in Sources */ = {isa = PBXBuildFile; fileRef = 8187A4EB5C76467A8A4126BB /* BranchOpenRequest.m */; };
		EED1BC0FC745482494655197 /* BranchRedeemRewardsRequest.m in Sources */ = {isa = PBXBuildFile; fileRef = 1E12C13F55E445A2B236947F /* BranchRedeemRewardsRequest.m */; };
		FA99D7881E9C46098348B3C0 /* BranchRegisterViewRequest.m in Sources */ = {isa = PBXBuildFile; fileRef = CC41D43A0FA54663A2F85148 /* BranchRegisterViewRequest.m */; };
		8665A0DEB1E14C7A93258EAB /* BranchSetIdentityRequest.m in Sources */ = {isa = PBXBuildFile; fileRef = 7901706AFC034485B135E261 /* BranchSetIdentityRequest.m */; };
		2E8BFE8AE51B4F0C83A76566 /* BranchShortUrlRequest.m in Sources */ = {isa = PBXBuildFile; fileRef = 08B07E443D404B1EBB646683 /* BranchShortUrlRequest.m */; };
		F9A7402F14294AE59BA5A26F /* BranchShortUrlSyncRequest.m in Sources */ = {isa = PBXBuildFile; fileRef = 806A37880B554B59A566478F /* BranchShortUrlSyncRequest.m */; };
		960FBADC895C4638ADCF4662 /* BranchSpotlightUrlRequest.m in Sources */ = {isa = PBXBuildFile; fileRef = 1688065EAB7E425AA2373E57 /* BranchSpotlightUrlRequest.m */; };
		BA8438F81CF84988B476F441 /* BranchUserCompletedActionRequest.m in Sources */ = {isa = PBXBuildFile; fileRef = 63CA6A45A192462CACCDD0FB /* BranchUserCompletedActionRequest.m */; };
		EE0CB9D8686E4887B4617A1A /* iAd.framework in Frameworks */ = {isa = PBXBuildFile; fileRef = 82AD9BF8C9C14070A6A40ADC /* iAd.framework */; };
		57AB00065E0D403CB33EED79 /* SafariServices.framework in Frameworks */ = {isa = PBXBuildFile; fileRef = 3F97341445474EC18FF8EC3F /* SafariServices.framework */; };
		A40A4739865344488491A9F0 /* AdSupport.framework in Frameworks */ = {isa = PBXBuildFile; fileRef = 248FEBFFF886410AA8C98D57 /* AdSupport.framework */; };
		4514B5609BC244368B539992 /* CoreSpotlight.framework in Frameworks */ = {isa = PBXBuildFile; fileRef = FFFF4DDFF296481796ABBAF1 /* CoreSpotlight.framework */; };
		65D04116BB0B4E2383686F1A /* CDVBattery.m in Sources */ = {isa = PBXBuildFile; fileRef = 23975F7279524C0EBF7CDE09 /* CDVBattery.m */; };
		EBFE6373C4FF45859095A412 /* UIImage+CropScaleOrientation.m in Sources */ = {isa = PBXBuildFile; fileRef = 92D2E004FEA540A9BC9894C5 /* UIImage+CropScaleOrientation.m */; };
		5921FE8281FC432795A8A0CC /* CDVCamera.m in Sources */ = {isa = PBXBuildFile; fileRef = EB9183481BE74B49BBEFA4E8 /* CDVCamera.m */; };
		14484CB777C7428BA2AF1BFF /* CDVJpegHeaderWriter.m in Sources */ = {isa = PBXBuildFile; fileRef = 37BF0E8FB7574E92A823D3FB /* CDVJpegHeaderWriter.m */; };
		8548348F20134A46B0698C94 /* ImageIO.framework in Frameworks */ = {isa = PBXBuildFile; fileRef = 6EF72CCE25D54D7489C24C4F /* ImageIO.framework */; settings = {ATTRIBUTES = (Weak, ); }; };
		882B2A8542CD4AE1B0EF999E /* CoreLocation.framework in Frameworks */ = {isa = PBXBuildFile; fileRef = A69C19F7AA004BC18B5535BB /* CoreLocation.framework */; };
		6EE8CF9FAA724F0685115C7A /* AVFoundation.framework in Frameworks */ = {isa = PBXBuildFile; fileRef = BF08B743D9EA442791EC50A9 /* AVFoundation.framework */; };
		BE490ABC0D674DA59A5C5AF3 /* CDVFile.m in Sources */ = {isa = PBXBuildFile; fileRef = A19454D47B70410FBFE7AFC2 /* CDVFile.m */; };
		0DCDACF64C6E4DD792DEE342 /* CDVLocalFilesystem.m in Sources */ = {isa = PBXBuildFile; fileRef = 225C5CC29B47477182411FED /* CDVLocalFilesystem.m */; };
		B855084D9281411890024695 /* CDVAssetLibraryFilesystem.m in Sources */ = {isa = PBXBuildFile; fileRef = 22AF4C618C924D9D85189C63 /* CDVAssetLibraryFilesystem.m */; };
		9EA6B9DB87674ACBB213B655 /* CDVCapture.m in Sources */ = {isa = PBXBuildFile; fileRef = 7BFEE5AECE54424CB15B1111 /* CDVCapture.m */; };
		3ABFB0AA871C4617B3EFCDFE /* CDVCapture.bundle in Resources */ = {isa = PBXBuildFile; fileRef = 76D03193D4E24C7BB3356AF4 /* CDVCapture.bundle */; };
		FAB0E39974AC46C0914F2468 /* CDVDevice.m in Sources */ = {isa = PBXBuildFile; fileRef = C55EA303060D4539B358F1E3 /* CDVDevice.m */; };
		E93BB0EE6FFB43CFAAAF638D /* libz.tbd in Frameworks */ = {isa = PBXBuildFile; fileRef = 683867E4DDA64A0FB5685FE1 /* libz.tbd */; };
		7A3A08BE29A14542BB07D492 /* CDVNotification.m in Sources */ = {isa = PBXBuildFile; fileRef = 502043749B224D17ACAC62C0 /* CDVNotification.m */; };
		15DD2205E4084D50B4041959 /* CDVNotification.bundle in Resources */ = {isa = PBXBuildFile; fileRef = 70ACC2731EA8416F8A11D8AF /* CDVNotification.bundle */; };
		70E28DE6F4354E1181A71027 /* AudioToolbox.framework in Frameworks */ = {isa = PBXBuildFile; fileRef = 65B6FA1772C74F1DB0063D20 /* AudioToolbox.framework */; settings = {ATTRIBUTES = (Weak, ); }; };
		32931EA5C4C24951A0CD0DD2 /* CDVLocation.m in Sources */ = {isa = PBXBuildFile; fileRef = 080EAF14EF534B508C743E42 /* CDVLocation.m */; };
		FC8FBA03CFFF4D06B15B274D /* CDVGlobalization.m in Sources */ = {isa = PBXBuildFile; fileRef = 339291B4C5034CB3AC70546F /* CDVGlobalization.m */; };
		EBF123908C1442E08545F360 /* CDVInAppBrowser.m in Sources */ = {isa = PBXBuildFile; fileRef = BBD31820B7D84C128CFB6245 /* CDVInAppBrowser.m */; };
		F0D5CB4060C148128E742F08 /* CDVConnection.m in Sources */ = {isa = PBXBuildFile; fileRef = F65D67E50C1F413BA4B511AE /* CDVConnection.m */; };
		1D91EA1541C74BB3BE33583B /* CDVReachability.m in Sources */ = {isa = PBXBuildFile; fileRef = 5638AF30AF3A4AFFABA18779 /* CDVReachability.m */; };
		0769BC8A90D3484C8116A485 /* SystemConfiguration.framework in Frameworks */ = {isa = PBXBuildFile; fileRef = 27D947DE9CA24683A37698D8 /* SystemConfiguration.framework */; settings = {ATTRIBUTES = (Weak, ); }; };
		9B9D168F8B1E4B1FB1EA867B /* CoreTelephony.framework in Frameworks */ = {isa = PBXBuildFile; fileRef = 402D9DAAF32F4D7495CB4EBC /* CoreTelephony.framework */; };
		B2DD4A439D7A48A2814AFE86 /* CDVVibration.m in Sources */ = {isa = PBXBuildFile; fileRef = 2642585195094FF9B37BCEC0 /* CDVVibration.m */; };
/* End PBXBuildFile section */

/* Begin PBXContainerItemProxy section */
		301BF534109A57CC0062928A /* PBXContainerItemProxy */ = {
			isa = PBXContainerItemProxy;
			containerPortal = 301BF52D109A57CC0062928A /* CordovaLib.xcodeproj */;
			proxyType = 2;
			remoteGlobalIDString = D2AAC07E0554694100DB518D;
			remoteInfo = CordovaLib;
		};
		301BF550109A68C00062928A /* PBXContainerItemProxy */ = {
			isa = PBXContainerItemProxy;
			containerPortal = 301BF52D109A57CC0062928A /* CordovaLib.xcodeproj */;
			proxyType = 1;
			remoteGlobalIDString = D2AAC07D0554694100DB518D;
			remoteInfo = CordovaLib;
		};
/* End PBXContainerItemProxy section */

/* Begin PBXFileReference section */
		0207DA571B56EA530066E2B4 /* Images.xcassets */ = {isa = PBXFileReference; lastKnownFileType = folder.assetcatalog; name = Images.xcassets; path = "PhoneGap1/Images.xcassets"; sourceTree = SOURCE_ROOT; };
		1D3623240D0F684500981E51 /* AppDelegate.h */ = {isa = PBXFileReference; fileEncoding = 4; lastKnownFileType = sourcecode.c.h; path = AppDelegate.h; sourceTree = "<group>"; };
		1D3623250D0F684500981E51 /* AppDelegate.m */ = {isa = PBXFileReference; fileEncoding = 4; lastKnownFileType = sourcecode.c.objc; path = AppDelegate.m; sourceTree = "<group>"; };
		1D6058910D05DD3D006BFB54 /* PhoneGap1.app */ = {isa = PBXFileReference; explicitFileType = wrapper.application; includeInIndex = 0; path = "PhoneGap1.app"; sourceTree = BUILT_PRODUCTS_DIR; };
		29B97316FDCFA39411CA2CEA /* main.m */ = {isa = PBXFileReference; fileEncoding = 4; lastKnownFileType = sourcecode.c.objc; path = main.m; sourceTree = "<group>"; };
		301BF52D109A57CC0062928A /* CordovaLib.xcodeproj */ = {isa = PBXFileReference; lastKnownFileType = "wrapper.pb-project"; path = CordovaLib/CordovaLib.xcodeproj; sourceTree = "<group>"; };
		301BF56E109A69640062928A /* www */ = {isa = PBXFileReference; lastKnownFileType = folder; path = www; sourceTree = SOURCE_ROOT; };
		302D95EE14D2391D003F00A1 /* MainViewController.h */ = {isa = PBXFileReference; fileEncoding = 4; lastKnownFileType = sourcecode.c.h; path = MainViewController.h; sourceTree = "<group>"; };
		302D95EF14D2391D003F00A1 /* MainViewController.m */ = {isa = PBXFileReference; fileEncoding = 4; lastKnownFileType = sourcecode.c.objc; path = MainViewController.m; sourceTree = "<group>"; };
		302D95F014D2391D003F00A1 /* MainViewController.xib */ = {isa = PBXFileReference; fileEncoding = 4; lastKnownFileType = file.xib; path = MainViewController.xib; sourceTree = "<group>"; };
		3047A50F1AB8059700498E2A /* build-debug.xcconfig */ = {isa = PBXFileReference; fileEncoding = 4; lastKnownFileType = text.xcconfig; name = "build-debug.xcconfig"; path = cordova/build-debug.xcconfig; sourceTree = SOURCE_ROOT; };
		3047A5101AB8059700498E2A /* build-release.xcconfig */ = {isa = PBXFileReference; fileEncoding = 4; lastKnownFileType = text.xcconfig; name = "build-release.xcconfig"; path = cordova/build-release.xcconfig; sourceTree = SOURCE_ROOT; };
		3047A5111AB8059700498E2A /* build.xcconfig */ = {isa = PBXFileReference; fileEncoding = 4; lastKnownFileType = text.xcconfig; name = build.xcconfig; path = cordova/build.xcconfig; sourceTree = SOURCE_ROOT; };
		32CA4F630368D1EE00C91783 /* PhoneGap1-Prefix.pch */ = {isa = PBXFileReference; fileEncoding = 4; lastKnownFileType = sourcecode.c.h; path = "PhoneGap1-Prefix.pch"; sourceTree = "<group>"; };
		6AFF5BF81D6E424B00AB3073 /* CDVLaunchScreen.storyboard */ = {isa = PBXFileReference; fileEncoding = 4; lastKnownFileType = file.storyboard; name = CDVLaunchScreen.storyboard; path = "PhoneGap1/CDVLaunchScreen.storyboard"; sourceTree = SOURCE_ROOT; };
		8D1107310486CEB800E47090 /* PhoneGap1-Info.plist */ = {isa = PBXFileReference; fileEncoding = 4; lastKnownFileType = text.plist.xml; name = "PhoneGap1-Info.plist"; path = "PhoneGap1/PhoneGap1-Info.plist"; plistStructureDefinitionIdentifier = "com.apple.xcode.plist.structure-definition.iphone.info-plist"; sourceTree = SOURCE_ROOT; };
		EB87FDF31871DA8E0020F90C /* www */ = {isa = PBXFileReference; lastKnownFileType = folder; name = www; path = ../../www; sourceTree = "<group>"; };
		EB87FDF41871DAF40020F90C /* config.xml */ = {isa = PBXFileReference; lastKnownFileType = text.xml; name = config.xml; path = ../../config.xml; sourceTree = "<group>"; };
		F840E1F0165FE0F500CFE078 /* config.xml */ = {isa = PBXFileReference; lastKnownFileType = text.xml; name = config.xml; path = "PhoneGap1/config.xml"; sourceTree = "<group>"; };
		ED33DF2A687741AEAF9F8254 /* Bridging-Header.h */ = {isa = PBXFileReference; fileEncoding = 4; lastKnownFileType = sourcecode.c.h; name = "Bridging-Header.h"; path = "Bridging-Header.h"; sourceTree = "<group>"; };
		BA0824D71EAE409999524C47 /* BranchSDK.m */ = {isa = PBXFileReference; name = "BranchSDK.m"; path = "branch-cordova-sdk/BranchSDK.m"; sourceTree = "<group>"; fileEncoding = 4; lastKnownFileType = sourcecode.c.objc; explicitFileType = undefined; includeInIndex = 0; };
		6D9A10210B70474188967C92 /* AppDelegate+BranchSdk.m */ = {isa = PBXFileReference; name = "AppDelegate+BranchSdk.m"; path = "branch-cordova-sdk/AppDelegate+BranchSdk.m"; sourceTree = "<group>"; fileEncoding = 4; lastKnownFileType = sourcecode.c.objc; explicitFileType = undefined; includeInIndex = 0; };
		1035C00DE10041CDA0D081FB /* BNCApplication.m */ = {isa = PBXFileReference; name = "BNCApplication.m"; path = "branch-cordova-sdk/BNCApplication.m"; sourceTree = "<group>"; fileEncoding = 4; lastKnownFileType = sourcecode.c.objc; explicitFileType = undefined; includeInIndex = 0; };
		193ACEE17F364EB0A3D3260C /* BNCAvailability.m */ = {isa = PBXFileReference; name = "BNCAvailability.m"; path = "branch-cordova-sdk/BNCAvailability.m"; sourceTree = "<group>"; fileEncoding = 4; lastKnownFileType = sourcecode.c.objc; explicitFileType = undefined; includeInIndex = 0; };
		54A74D76F1A34A798A0A6E77 /* BNCCommerceEvent.m */ = {isa = PBXFileReference; name = "BNCCommerceEvent.m"; path = "branch-cordova-sdk/BNCCommerceEvent.m"; sourceTree = "<group>"; fileEncoding = 4; lastKnownFileType = sourcecode.c.objc; explicitFileType = undefined; includeInIndex = 0; };
		CE971E53C6E54E8B99CB9FED /* BNCConfig.m */ = {isa = PBXFileReference; name = "BNCConfig.m"; path = "branch-cordova-sdk/BNCConfig.m"; sourceTree = "<group>"; fileEncoding = 4; lastKnownFileType = sourcecode.c.objc; explicitFileType = undefined; includeInIndex = 0; };
		320BC4E05E2242968A51DF28 /* BNCContentDiscoveryManager.m */ = {isa = PBXFileReference; name = "BNCContentDiscoveryManager.m"; path = "branch-cordova-sdk/BNCContentDiscoveryManager.m"; sourceTree = "<group>"; fileEncoding = 4; lastKnownFileType = sourcecode.c.objc; explicitFileType = undefined; includeInIndex = 0; };
		1ACAF39C53B24B0A9DDA1B70 /* BNCCrashlyticsWrapper.m */ = {isa = PBXFileReference; name = "BNCCrashlyticsWrapper.m"; path = "branch-cordova-sdk/BNCCrashlyticsWrapper.m"; sourceTree = "<group>"; fileEncoding = 4; lastKnownFileType = sourcecode.c.objc; explicitFileType = undefined; includeInIndex = 0; };
		205822A0602842AAB8F616E8 /* BNCDebug.m */ = {isa = PBXFileReference; name = "BNCDebug.m"; path = "branch-cordova-sdk/BNCDebug.m"; sourceTree = "<group>"; fileEncoding = 4; lastKnownFileType = sourcecode.c.objc; explicitFileType = undefined; includeInIndex = 0; };
		F318DBD972224C908FBFB804 /* BNCDeepLinkViewControllerInstance.m */ = {isa = PBXFileReference; name = "BNCDeepLinkViewControllerInstance.m"; path = "branch-cordova-sdk/BNCDeepLinkViewControllerInstance.m"; sourceTree = "<group>"; fileEncoding = 4; lastKnownFileType = sourcecode.c.objc; explicitFileType = undefined; includeInIndex = 0; };
		5069343ECA69471D971379DC /* BNCDeviceInfo.m */ = {isa = PBXFileReference; name = "BNCDeviceInfo.m"; path = "branch-cordova-sdk/BNCDeviceInfo.m"; sourceTree = "<group>"; fileEncoding = 4; lastKnownFileType = sourcecode.c.objc; explicitFileType = undefined; includeInIndex = 0; };
		AA05D0ABA23C46FB9BAB89DC /* BNCEncodingUtils.m */ = {isa = PBXFileReference; name = "BNCEncodingUtils.m"; path = "branch-cordova-sdk/BNCEncodingUtils.m"; sourceTree = "<group>"; fileEncoding = 4; lastKnownFileType = sourcecode.c.objc; explicitFileType = undefined; includeInIndex = 0; };
		B8BC66CAF18A45B4A70B1D53 /* BNCError.m */ = {isa = PBXFileReference; name = "BNCError.m"; path = "branch-cordova-sdk/BNCError.m"; sourceTree = "<group>"; fileEncoding = 4; lastKnownFileType = sourcecode.c.objc; explicitFileType = undefined; includeInIndex = 0; };
		AD08947FB22F45B384AFD80B /* BNCFabricAnswers.m */ = {isa = PBXFileReference; name = "BNCFabricAnswers.m"; path = "branch-cordova-sdk/BNCFabricAnswers.m"; sourceTree = "<group>"; fileEncoding = 4; lastKnownFileType = sourcecode.c.objc; explicitFileType = undefined; includeInIndex = 0; };
		F0CADE9B2CBC4334827E8963 /* BNCKeyChain.m */ = {isa = PBXFileReference; name = "BNCKeyChain.m"; path = "branch-cordova-sdk/BNCKeyChain.m"; sourceTree = "<group>"; fileEncoding = 4; lastKnownFileType = sourcecode.c.objc; explicitFileType = undefined; includeInIndex = 0; };
		099297977C76495D8823AAA5 /* BNCLinkCache.m */ = {isa = PBXFileReference; name = "BNCLinkCache.m"; path = "branch-cordova-sdk/BNCLinkCache.m"; sourceTree = "<group>"; fileEncoding = 4; lastKnownFileType = sourcecode.c.objc; explicitFileType = undefined; includeInIndex = 0; };
		3411842EA137461A86EB193C /* BNCLinkData.m */ = {isa = PBXFileReference; name = "BNCLinkData.m"; path = "branch-cordova-sdk/BNCLinkData.m"; sourceTree = "<group>"; fileEncoding = 4; lastKnownFileType = sourcecode.c.objc; explicitFileType = undefined; includeInIndex = 0; };
		C9C8195951C9438B96457287 /* BNCLocalization.m */ = {isa = PBXFileReference; name = "BNCLocalization.m"; path = "branch-cordova-sdk/BNCLocalization.m"; sourceTree = "<group>"; fileEncoding = 4; lastKnownFileType = sourcecode.c.objc; explicitFileType = undefined; includeInIndex = 0; };
		96A4DC5690A94640A83CF8AF /* BNCLog.m */ = {isa = PBXFileReference; name = "BNCLog.m"; path = "branch-cordova-sdk/BNCLog.m"; sourceTree = "<group>"; fileEncoding = 4; lastKnownFileType = sourcecode.c.objc; explicitFileType = undefined; includeInIndex = 0; };
		D0CFCA89386B40A590136D33 /* BNCPreferenceHelper.m */ = {isa = PBXFileReference; name = "BNCPreferenceHelper.m"; path = "branch-cordova-sdk/BNCPreferenceHelper.m"; sourceTree = "<group>"; fileEncoding = 4; lastKnownFileType = sourcecode.c.objc; explicitFileType = undefined; includeInIndex = 0; };
		4E389400FC6E41EE904ADAF7 /* BNCSpotlightService.m */ = {isa = PBXFileReference; name = "BNCSpotlightService.m"; path = "branch-cordova-sdk/BNCSpotlightService.m"; sourceTree = "<group>"; fileEncoding = 4; lastKnownFileType = sourcecode.c.objc; explicitFileType = undefined; includeInIndex = 0; };
		6CAAD686DD984CDC8428741D /* BNCStrongMatchHelper.m */ = {isa = PBXFileReference; name = "BNCStrongMatchHelper.m"; path = "branch-cordova-sdk/BNCStrongMatchHelper.m"; sourceTree = "<group>"; fileEncoding = 4; lastKnownFileType = sourcecode.c.objc; explicitFileType = undefined; includeInIndex = 0; };
		E749F355144B4076A2CA155F /* BNCSystemObserver.m */ = {isa = PBXFileReference; name = "BNCSystemObserver.m"; path = "branch-cordova-sdk/BNCSystemObserver.m"; sourceTree = "<group>"; fileEncoding = 4; lastKnownFileType = sourcecode.c.objc; explicitFileType = undefined; includeInIndex = 0; };
		06FA70C56448438F9B33D24F /* BNCURLBlackList.m */ = {isa = PBXFileReference; name = "BNCURLBlackList.m"; path = "branch-cordova-sdk/BNCURLBlackList.m"; sourceTree = "<group>"; fileEncoding = 4; lastKnownFileType = sourcecode.c.objc; explicitFileType = undefined; includeInIndex = 0; };
		062B59A1377B4681B5DFCB3D /* Branch+Validator.m */ = {isa = PBXFileReference; name = "Branch+Validator.m"; path = "branch-cordova-sdk/Branch+Validator.m"; sourceTree = "<group>"; fileEncoding = 4; lastKnownFileType = sourcecode.c.objc; explicitFileType = undefined; includeInIndex = 0; };
		3DDD0278CF104B2EB6B38F9B /* Branch.m */ = {isa = PBXFileReference; name = "Branch.m"; path = "branch-cordova-sdk/Branch.m"; sourceTree = "<group>"; fileEncoding = 4; lastKnownFileType = sourcecode.c.objc; explicitFileType = undefined; includeInIndex = 0; };
		A50C64C523954EB690BF39BF /* BranchActivityItemProvider.m */ = {isa = PBXFileReference; name = "BranchActivityItemProvider.m"; path = "branch-cordova-sdk/BranchActivityItemProvider.m"; sourceTree = "<group>"; fileEncoding = 4; lastKnownFileType = sourcecode.c.objc; explicitFileType = undefined; includeInIndex = 0; };
		55F7C551246F44ECBFAB2180 /* BranchCSSearchableItemAttributeSet.m */ = {isa = PBXFileReference; name = "BranchCSSearchableItemAttributeSet.m"; path = "branch-cordova-sdk/BranchCSSearchableItemAttributeSet.m"; sourceTree = "<group>"; fileEncoding = 4; lastKnownFileType = sourcecode.c.objc; explicitFileType = undefined; includeInIndex = 0; };
		D3ED2D52FC5F49AFAF320F4E /* BranchConstants.m */ = {isa = PBXFileReference; name = "BranchConstants.m"; path = "branch-cordova-sdk/BranchConstants.m"; sourceTree = "<group>"; fileEncoding = 4; lastKnownFileType = sourcecode.c.objc; explicitFileType = undefined; includeInIndex = 0; };
		ACD7FD9749B34F5F8E5E4D83 /* BranchContentDiscoverer.m */ = {isa = PBXFileReference; name = "BranchContentDiscoverer.m"; path = "branch-cordova-sdk/BranchContentDiscoverer.m"; sourceTree = "<group>"; fileEncoding = 4; lastKnownFileType = sourcecode.c.objc; explicitFileType = undefined; includeInIndex = 0; };
		49650C6D54DD48C49F757E66 /* BranchContentDiscoveryManifest.m */ = {isa = PBXFileReference; name = "BranchContentDiscoveryManifest.m"; path = "branch-cordova-sdk/BranchContentDiscoveryManifest.m"; sourceTree = "<group>"; fileEncoding = 4; lastKnownFileType = sourcecode.c.objc; explicitFileType = undefined; includeInIndex = 0; };
		53C89E17292640B5B36165C8 /* BranchContentPathProperties.m */ = {isa = PBXFileReference; name = "BranchContentPathProperties.m"; path = "branch-cordova-sdk/BranchContentPathProperties.m"; sourceTree = "<group>"; fileEncoding = 4; lastKnownFileType = sourcecode.c.objc; explicitFileType = undefined; includeInIndex = 0; };
		2A267432174841F1B68D6896 /* BranchDelegate.m */ = {isa = PBXFileReference; name = "BranchDelegate.m"; path = "branch-cordova-sdk/BranchDelegate.m"; sourceTree = "<group>"; fileEncoding = 4; lastKnownFileType = sourcecode.c.objc; explicitFileType = undefined; includeInIndex = 0; };
		42F38A6714CC446F8DA0C96E /* BranchEvent.m */ = {isa = PBXFileReference; name = "BranchEvent.m"; path = "branch-cordova-sdk/BranchEvent.m"; sourceTree = "<group>"; fileEncoding = 4; lastKnownFileType = sourcecode.c.objc; explicitFileType = undefined; includeInIndex = 0; };
		5BD3B6A4135C4445A2672091 /* BranchLinkProperties.m */ = {isa = PBXFileReference; name = "BranchLinkProperties.m"; path = "branch-cordova-sdk/BranchLinkProperties.m"; sourceTree = "<group>"; fileEncoding = 4; lastKnownFileType = sourcecode.c.objc; explicitFileType = undefined; includeInIndex = 0; };
		4D56AC70784F49AE912EDE9A /* BranchShareLink.m */ = {isa = PBXFileReference; name = "BranchShareLink.m"; path = "branch-cordova-sdk/BranchShareLink.m"; sourceTree = "<group>"; fileEncoding = 4; lastKnownFileType = sourcecode.c.objc; explicitFileType = undefined; includeInIndex = 0; };
		43688F8C127A434886702C44 /* BranchUniversalObject.m */ = {isa = PBXFileReference; name = "BranchUniversalObject.m"; path = "branch-cordova-sdk/BranchUniversalObject.m"; sourceTree = "<group>"; fileEncoding = 4; lastKnownFileType = sourcecode.c.objc; explicitFileType = undefined; includeInIndex = 0; };
		034D09FBF8974592AFD22C7F /* BranchView.m */ = {isa = PBXFileReference; name = "BranchView.m"; path = "branch-cordova-sdk/BranchView.m"; sourceTree = "<group>"; fileEncoding = 4; lastKnownFileType = sourcecode.c.objc; explicitFileType = undefined; includeInIndex = 0; };
		73E493930B10422F946AD5FA /* BranchViewHandler.m */ = {isa = PBXFileReference; name = "BranchViewHandler.m"; path = "branch-cordova-sdk/BranchViewHandler.m"; sourceTree = "<group>"; fileEncoding = 4; lastKnownFileType = sourcecode.c.objc; explicitFileType = undefined; includeInIndex = 0; };
		8002BD278E1A47999A9E84C9 /* NSMutableDictionary+Branch.m */ = {isa = PBXFileReference; name = "NSMutableDictionary+Branch.m"; path = "branch-cordova-sdk/NSMutableDictionary+Branch.m"; sourceTree = "<group>"; fileEncoding = 4; lastKnownFileType = sourcecode.c.objc; explicitFileType = undefined; includeInIndex = 0; };
		8356F72401024F2C8518B384 /* NSString+Branch.m */ = {isa = PBXFileReference; name = "NSString+Branch.m"; path = "branch-cordova-sdk/NSString+Branch.m"; sourceTree = "<group>"; fileEncoding = 4; lastKnownFileType = sourcecode.c.objc; explicitFileType = undefined; includeInIndex = 0; };
		587ABE4A60D3484F830FB9BB /* UIViewController+Branch.m */ = {isa = PBXFileReference; name = "UIViewController+Branch.m"; path = "branch-cordova-sdk/UIViewController+Branch.m"; sourceTree = "<group>"; fileEncoding = 4; lastKnownFileType = sourcecode.c.objc; explicitFileType = undefined; includeInIndex = 0; };
		87FFBFD633FB4268AECEB40F /* BNCNetworkService.m */ = {isa = PBXFileReference; name = "BNCNetworkService.m"; path = "branch-cordova-sdk/BNCNetworkService.m"; sourceTree = "<group>"; fileEncoding = 4; lastKnownFileType = sourcecode.c.objc; explicitFileType = undefined; includeInIndex = 0; };
		E82A4CCCFBA1471CB6CB17E5 /* BNCServerInterface.m */ = {isa = PBXFileReference; name = "BNCServerInterface.m"; path = "branch-cordova-sdk/BNCServerInterface.m"; sourceTree = "<group>"; fileEncoding = 4; lastKnownFileType = sourcecode.c.objc; explicitFileType = undefined; includeInIndex = 0; };
		2616ADE09ECC44748627D94B /* BNCServerRequest.m */ = {isa = PBXFileReference; name = "BNCServerRequest.m"; path = "branch-cordova-sdk/BNCServerRequest.m"; sourceTree = "<group>"; fileEncoding = 4; lastKnownFileType = sourcecode.c.objc; explicitFileType = undefined; includeInIndex = 0; };
		7A6B71433D264A2286A28D79 /* BNCServerRequestQueue.m */ = {isa = PBXFileReference; name = "BNCServerRequestQueue.m"; path = "branch-cordova-sdk/BNCServerRequestQueue.m"; sourceTree = "<group>"; fileEncoding = 4; lastKnownFileType = sourcecode.c.objc; explicitFileType = undefined; includeInIndex = 0; };
		3BBA80675D7F41B6AB877216 /* BNCServerResponse.m */ = {isa = PBXFileReference; name = "BNCServerResponse.m"; path = "branch-cordova-sdk/BNCServerResponse.m"; sourceTree = "<group>"; fileEncoding = 4; lastKnownFileType = sourcecode.c.objc; explicitFileType = undefined; includeInIndex = 0; };
		0B0093F500EA4B74BE9A89D3 /* BranchCloseRequest.m */ = {isa = PBXFileReference; name = "BranchCloseRequest.m"; path = "branch-cordova-sdk/BranchCloseRequest.m"; sourceTree = "<group>"; fileEncoding = 4; lastKnownFileType = sourcecode.c.objc; explicitFileType = undefined; includeInIndex = 0; };
		1C49D6E253164E2AA4988C16 /* BranchCreditHistoryRequest.m */ = {isa = PBXFileReference; name = "BranchCreditHistoryRequest.m"; path = "branch-cordova-sdk/BranchCreditHistoryRequest.m"; sourceTree = "<group>"; fileEncoding = 4; lastKnownFileType = sourcecode.c.objc; explicitFileType = undefined; includeInIndex = 0; };
		5EEB2C6900754DB3A5EFA63E /* BranchInstallRequest.m */ = {isa = PBXFileReference; name = "BranchInstallRequest.m"; path = "branch-cordova-sdk/BranchInstallRequest.m"; sourceTree = "<group>"; fileEncoding = 4; lastKnownFileType = sourcecode.c.objc; explicitFileType = undefined; includeInIndex = 0; };
		36E79B8C687D46BAA1B56F9F /* BranchLoadRewardsRequest.m */ = {isa = PBXFileReference; name = "BranchLoadRewardsRequest.m"; path = "branch-cordova-sdk/BranchLoadRewardsRequest.m"; sourceTree = "<group>"; fileEncoding = 4; lastKnownFileType = sourcecode.c.objc; explicitFileType = undefined; includeInIndex = 0; };
		E6ACB90A66154DE3924A1496 /* BranchLogoutRequest.m */ = {isa = PBXFileReference; name = "BranchLogoutRequest.m"; path = "branch-cordova-sdk/BranchLogoutRequest.m"; sourceTree = "<group>"; fileEncoding = 4; lastKnownFileType = sourcecode.c.objc; explicitFileType = undefined; includeInIndex = 0; };
		8187A4EB5C76467A8A4126BB /* BranchOpenRequest.m */ = {isa = PBXFileReference; name = "BranchOpenRequest.m"; path = "branch-cordova-sdk/BranchOpenRequest.m"; sourceTree = "<group>"; fileEncoding = 4; lastKnownFileType = sourcecode.c.objc; explicitFileType = undefined; includeInIndex = 0; };
		1E12C13F55E445A2B236947F /* BranchRedeemRewardsRequest.m */ = {isa = PBXFileReference; name = "BranchRedeemRewardsRequest.m"; path = "branch-cordova-sdk/BranchRedeemRewardsRequest.m"; sourceTree = "<group>"; fileEncoding = 4; lastKnownFileType = sourcecode.c.objc; explicitFileType = undefined; includeInIndex = 0; };
		CC41D43A0FA54663A2F85148 /* BranchRegisterViewRequest.m */ = {isa = PBXFileReference; name = "BranchRegisterViewRequest.m"; path = "branch-cordova-sdk/BranchRegisterViewRequest.m"; sourceTree = "<group>"; fileEncoding = 4; lastKnownFileType = sourcecode.c.objc; explicitFileType = undefined; includeInIndex = 0; };
		7901706AFC034485B135E261 /* BranchSetIdentityRequest.m */ = {isa = PBXFileReference; name = "BranchSetIdentityRequest.m"; path = "branch-cordova-sdk/BranchSetIdentityRequest.m"; sourceTree = "<group>"; fileEncoding = 4; lastKnownFileType = sourcecode.c.objc; explicitFileType = undefined; includeInIndex = 0; };
		08B07E443D404B1EBB646683 /* BranchShortUrlRequest.m */ = {isa = PBXFileReference; name = "BranchShortUrlRequest.m"; path = "branch-cordova-sdk/BranchShortUrlRequest.m"; sourceTree = "<group>"; fileEncoding = 4; lastKnownFileType = sourcecode.c.objc; explicitFileType = undefined; includeInIndex = 0; };
		806A37880B554B59A566478F /* BranchShortUrlSyncRequest.m */ = {isa = PBXFileReference; name = "BranchShortUrlSyncRequest.m"; path = "branch-cordova-sdk/BranchShortUrlSyncRequest.m"; sourceTree = "<group>"; fileEncoding = 4; lastKnownFileType = sourcecode.c.objc; explicitFileType = undefined; includeInIndex = 0; };
		1688065EAB7E425AA2373E57 /* BranchSpotlightUrlRequest.m */ = {isa = PBXFileReference; name = "BranchSpotlightUrlRequest.m"; path = "branch-cordova-sdk/BranchSpotlightUrlRequest.m"; sourceTree = "<group>"; fileEncoding = 4; lastKnownFileType = sourcecode.c.objc; explicitFileType = undefined; includeInIndex = 0; };
		63CA6A45A192462CACCDD0FB /* BranchUserCompletedActionRequest.m */ = {isa = PBXFileReference; name = "BranchUserCompletedActionRequest.m"; path = "branch-cordova-sdk/BranchUserCompletedActionRequest.m"; sourceTree = "<group>"; fileEncoding = 4; lastKnownFileType = sourcecode.c.objc; explicitFileType = undefined; includeInIndex = 0; };
		6066198E650440A9ADDA98AD /* BranchNPM.h */ = {isa = PBXFileReference; name = "BranchNPM.h"; path = "branch-cordova-sdk/BranchNPM.h"; sourceTree = "<group>"; fileEncoding = 4; lastKnownFileType = sourcecode.c.h; explicitFileType = undefined; includeInIndex = 0; };
		E8CB9AF654F34E92B60753E0 /* BranchSDK.h */ = {isa = PBXFileReference; name = "BranchSDK.h"; path = "branch-cordova-sdk/BranchSDK.h"; sourceTree = "<group>"; fileEncoding = 4; lastKnownFileType = sourcecode.c.h; explicitFileType = undefined; includeInIndex = 0; };
		D41FEB9D59B441BEA2E2DCE2 /* ANSCompatibility.h */ = {isa = PBXFileReference; name = "ANSCompatibility.h"; path = "branch-cordova-sdk/ANSCompatibility.h"; sourceTree = "<group>"; fileEncoding = 4; lastKnownFileType = sourcecode.c.h; explicitFileType = undefined; includeInIndex = 0; };
		94E3CA0E6C8E4A67942DF6BB /* Answers.h */ = {isa = PBXFileReference; name = "Answers.h"; path = "branch-cordova-sdk/Answers.h"; sourceTree = "<group>"; fileEncoding = 4; lastKnownFileType = sourcecode.c.h; explicitFileType = undefined; includeInIndex = 0; };
		FB0B0811856B4E64B05C6E55 /* FABAttributes.h */ = {isa = PBXFileReference; name = "FABAttributes.h"; path = "branch-cordova-sdk/FABAttributes.h"; sourceTree = "<group>"; fileEncoding = 4; lastKnownFileType = sourcecode.c.h; explicitFileType = undefined; includeInIndex = 0; };
		65814110935648179C24C541 /* FABKitProtocol.h */ = {isa = PBXFileReference; name = "FABKitProtocol.h"; path = "branch-cordova-sdk/FABKitProtocol.h"; sourceTree = "<group>"; fileEncoding = 4; lastKnownFileType = sourcecode.c.h; explicitFileType = undefined; includeInIndex = 0; };
		04ADF9179D194236BDB0BBD2 /* Fabric+FABKits.h */ = {isa = PBXFileReference; name = "Fabric+FABKits.h"; path = "branch-cordova-sdk/Fabric+FABKits.h"; sourceTree = "<group>"; fileEncoding = 4; lastKnownFileType = sourcecode.c.h; explicitFileType = undefined; includeInIndex = 0; };
		61BF50EF1F2448C6862251C9 /* Fabric.h */ = {isa = PBXFileReference; name = "Fabric.h"; path = "branch-cordova-sdk/Fabric.h"; sourceTree = "<group>"; fileEncoding = 4; lastKnownFileType = sourcecode.c.h; explicitFileType = undefined; includeInIndex = 0; };
		036B96DB7492443C91DF6F08 /* BNCApplication.h */ = {isa = PBXFileReference; name = "BNCApplication.h"; path = "branch-cordova-sdk/BNCApplication.h"; sourceTree = "<group>"; fileEncoding = 4; lastKnownFileType = sourcecode.c.h; explicitFileType = undefined; includeInIndex = 0; };
		2A2E8B8DD1E1468FB11ADF8F /* BNCAvailability.h */ = {isa = PBXFileReference; name = "BNCAvailability.h"; path = "branch-cordova-sdk/BNCAvailability.h"; sourceTree = "<group>"; fileEncoding = 4; lastKnownFileType = sourcecode.c.h; explicitFileType = undefined; includeInIndex = 0; };
		3DF4C4CE755D4629B7D2CACB /* BNCCallbacks.h */ = {isa = PBXFileReference; name = "BNCCallbacks.h"; path = "branch-cordova-sdk/BNCCallbacks.h"; sourceTree = "<group>"; fileEncoding = 4; lastKnownFileType = sourcecode.c.h; explicitFileType = undefined; includeInIndex = 0; };
		A8E00307989445B4A3C61501 /* BNCCommerceEvent.h */ = {isa = PBXFileReference; name = "BNCCommerceEvent.h"; path = "branch-cordova-sdk/BNCCommerceEvent.h"; sourceTree = "<group>"; fileEncoding = 4; lastKnownFileType = sourcecode.c.h; explicitFileType = undefined; includeInIndex = 0; };
		C114F40BBE714DA8AB461762 /* BNCConfig.h */ = {isa = PBXFileReference; name = "BNCConfig.h"; path = "branch-cordova-sdk/BNCConfig.h"; sourceTree = "<group>"; fileEncoding = 4; lastKnownFileType = sourcecode.c.h; explicitFileType = undefined; includeInIndex = 0; };
		DA756E32C1D847DC82442D3C /* BNCContentDiscoveryManager.h */ = {isa = PBXFileReference; name = "BNCContentDiscoveryManager.h"; path = "branch-cordova-sdk/BNCContentDiscoveryManager.h"; sourceTree = "<group>"; fileEncoding = 4; lastKnownFileType = sourcecode.c.h; explicitFileType = undefined; includeInIndex = 0; };
		0334EA3732C14700AF3C664A /* BNCCrashlyticsWrapper.h */ = {isa = PBXFileReference; name = "BNCCrashlyticsWrapper.h"; path = "branch-cordova-sdk/BNCCrashlyticsWrapper.h"; sourceTree = "<group>"; fileEncoding = 4; lastKnownFileType = sourcecode.c.h; explicitFileType = undefined; includeInIndex = 0; };
		AB77A3C5A8BF449099E37746 /* BNCDebug.h */ = {isa = PBXFileReference; name = "BNCDebug.h"; path = "branch-cordova-sdk/BNCDebug.h"; sourceTree = "<group>"; fileEncoding = 4; lastKnownFileType = sourcecode.c.h; explicitFileType = undefined; includeInIndex = 0; };
		0F05274515F14A95960FCAEE /* BNCDeepLinkViewControllerInstance.h */ = {isa = PBXFileReference; name = "BNCDeepLinkViewControllerInstance.h"; path = "branch-cordova-sdk/BNCDeepLinkViewControllerInstance.h"; sourceTree = "<group>"; fileEncoding = 4; lastKnownFileType = sourcecode.c.h; explicitFileType = undefined; includeInIndex = 0; };
		80E27BD8678A426ABC1AFDCF /* BNCDeviceInfo.h */ = {isa = PBXFileReference; name = "BNCDeviceInfo.h"; path = "branch-cordova-sdk/BNCDeviceInfo.h"; sourceTree = "<group>"; fileEncoding = 4; lastKnownFileType = sourcecode.c.h; explicitFileType = undefined; includeInIndex = 0; };
		7FCF8303D82E45B59A0273B1 /* BNCEncodingUtils.h */ = {isa = PBXFileReference; name = "BNCEncodingUtils.h"; path = "branch-cordova-sdk/BNCEncodingUtils.h"; sourceTree = "<group>"; fileEncoding = 4; lastKnownFileType = sourcecode.c.h; explicitFileType = undefined; includeInIndex = 0; };
		203729C465F64276AC9B8951 /* BNCError.h */ = {isa = PBXFileReference; name = "BNCError.h"; path = "branch-cordova-sdk/BNCError.h"; sourceTree = "<group>"; fileEncoding = 4; lastKnownFileType = sourcecode.c.h; explicitFileType = undefined; includeInIndex = 0; };
		9CE008A320C749B093A22821 /* BNCFabricAnswers.h */ = {isa = PBXFileReference; name = "BNCFabricAnswers.h"; path = "branch-cordova-sdk/BNCFabricAnswers.h"; sourceTree = "<group>"; fileEncoding = 4; lastKnownFileType = sourcecode.c.h; explicitFileType = undefined; includeInIndex = 0; };
		79C732E3F8A7411CAB362E0F /* BNCFieldDefines.h */ = {isa = PBXFileReference; name = "BNCFieldDefines.h"; path = "branch-cordova-sdk/BNCFieldDefines.h"; sourceTree = "<group>"; fileEncoding = 4; lastKnownFileType = sourcecode.c.h; explicitFileType = undefined; includeInIndex = 0; };
		217C380224C44160A78945BE /* BNCKeyChain.h */ = {isa = PBXFileReference; name = "BNCKeyChain.h"; path = "branch-cordova-sdk/BNCKeyChain.h"; sourceTree = "<group>"; fileEncoding = 4; lastKnownFileType = sourcecode.c.h; explicitFileType = undefined; includeInIndex = 0; };
		EA7B915404D7490FA5079A80 /* BNCLinkCache.h */ = {isa = PBXFileReference; name = "BNCLinkCache.h"; path = "branch-cordova-sdk/BNCLinkCache.h"; sourceTree = "<group>"; fileEncoding = 4; lastKnownFileType = sourcecode.c.h; explicitFileType = undefined; includeInIndex = 0; };
		FF15122AA7304048B42C575E /* BNCLinkData.h */ = {isa = PBXFileReference; name = "BNCLinkData.h"; path = "branch-cordova-sdk/BNCLinkData.h"; sourceTree = "<group>"; fileEncoding = 4; lastKnownFileType = sourcecode.c.h; explicitFileType = undefined; includeInIndex = 0; };
		16E8B84CD773430CBCD02558 /* BNCLocalization.h */ = {isa = PBXFileReference; name = "BNCLocalization.h"; path = "branch-cordova-sdk/BNCLocalization.h"; sourceTree = "<group>"; fileEncoding = 4; lastKnownFileType = sourcecode.c.h; explicitFileType = undefined; includeInIndex = 0; };
		BA610D266AD94E519CA3569D /* BNCLog.h */ = {isa = PBXFileReference; name = "BNCLog.h"; path = "branch-cordova-sdk/BNCLog.h"; sourceTree = "<group>"; fileEncoding = 4; lastKnownFileType = sourcecode.c.h; explicitFileType = undefined; includeInIndex = 0; };
		269F9E2EBEC24B25929A5062 /* BNCPreferenceHelper.h */ = {isa = PBXFileReference; name = "BNCPreferenceHelper.h"; path = "branch-cordova-sdk/BNCPreferenceHelper.h"; sourceTree = "<group>"; fileEncoding = 4; lastKnownFileType = sourcecode.c.h; explicitFileType = undefined; includeInIndex = 0; };
		C53F13C1340147D4BEC27A6B /* BNCSpotlightService.h */ = {isa = PBXFileReference; name = "BNCSpotlightService.h"; path = "branch-cordova-sdk/BNCSpotlightService.h"; sourceTree = "<group>"; fileEncoding = 4; lastKnownFileType = sourcecode.c.h; explicitFileType = undefined; includeInIndex = 0; };
		FFC13D15544444C29C8B6C3D /* BNCStrongMatchHelper.h */ = {isa = PBXFileReference; name = "BNCStrongMatchHelper.h"; path = "branch-cordova-sdk/BNCStrongMatchHelper.h"; sourceTree = "<group>"; fileEncoding = 4; lastKnownFileType = sourcecode.c.h; explicitFileType = undefined; includeInIndex = 0; };
		88900D0846D94F7A9120AA5A /* BNCSystemObserver.h */ = {isa = PBXFileReference; name = "BNCSystemObserver.h"; path = "branch-cordova-sdk/BNCSystemObserver.h"; sourceTree = "<group>"; fileEncoding = 4; lastKnownFileType = sourcecode.c.h; explicitFileType = undefined; includeInIndex = 0; };
		9FE64A7B19544881BA38068A /* BNCURLBlackList.h */ = {isa = PBXFileReference; name = "BNCURLBlackList.h"; path = "branch-cordova-sdk/BNCURLBlackList.h"; sourceTree = "<group>"; fileEncoding = 4; lastKnownFileType = sourcecode.c.h; explicitFileType = undefined; includeInIndex = 0; };
		439FB09630D545FEB2B2C351 /* Branch+Validator.h */ = {isa = PBXFileReference; name = "Branch+Validator.h"; path = "branch-cordova-sdk/Branch+Validator.h"; sourceTree = "<group>"; fileEncoding = 4; lastKnownFileType = sourcecode.c.h; explicitFileType = undefined; includeInIndex = 0; };
		24D831BCCCA846B6AF635B2F /* Branch.h */ = {isa = PBXFileReference; name = "Branch.h"; path = "branch-cordova-sdk/Branch.h"; sourceTree = "<group>"; fileEncoding = 4; lastKnownFileType = sourcecode.c.h; explicitFileType = undefined; includeInIndex = 0; };
		87E574073520458481D53661 /* BranchActivityItemProvider.h */ = {isa = PBXFileReference; name = "BranchActivityItemProvider.h"; path = "branch-cordova-sdk/BranchActivityItemProvider.h"; sourceTree = "<group>"; fileEncoding = 4; lastKnownFileType = sourcecode.c.h; explicitFileType = undefined; includeInIndex = 0; };
		E827D158C6664D378FA6F7A9 /* BranchCSSearchableItemAttributeSet.h */ = {isa = PBXFileReference; name = "BranchCSSearchableItemAttributeSet.h"; path = "branch-cordova-sdk/BranchCSSearchableItemAttributeSet.h"; sourceTree = "<group>"; fileEncoding = 4; lastKnownFileType = sourcecode.c.h; explicitFileType = undefined; includeInIndex = 0; };
		B406D4C7474C4E50B798BC11 /* BranchConstants.h */ = {isa = PBXFileReference; name = "BranchConstants.h"; path = "branch-cordova-sdk/BranchConstants.h"; sourceTree = "<group>"; fileEncoding = 4; lastKnownFileType = sourcecode.c.h; explicitFileType = undefined; includeInIndex = 0; };
		A95FF35EB0B446299A884BCE /* BranchContentDiscoverer.h */ = {isa = PBXFileReference; name = "BranchContentDiscoverer.h"; path = "branch-cordova-sdk/BranchContentDiscoverer.h"; sourceTree = "<group>"; fileEncoding = 4; lastKnownFileType = sourcecode.c.h; explicitFileType = undefined; includeInIndex = 0; };
		39B87D15EE034DC39843510F /* BranchContentDiscoveryManifest.h */ = {isa = PBXFileReference; name = "BranchContentDiscoveryManifest.h"; path = "branch-cordova-sdk/BranchContentDiscoveryManifest.h"; sourceTree = "<group>"; fileEncoding = 4; lastKnownFileType = sourcecode.c.h; explicitFileType = undefined; includeInIndex = 0; };
		15CC1F15099947F8BB86D126 /* BranchContentPathProperties.h */ = {isa = PBXFileReference; name = "BranchContentPathProperties.h"; path = "branch-cordova-sdk/BranchContentPathProperties.h"; sourceTree = "<group>"; fileEncoding = 4; lastKnownFileType = sourcecode.c.h; explicitFileType = undefined; includeInIndex = 0; };
		4C7817C38F0F4495ADD596A5 /* BranchDeepLinkingController.h */ = {isa = PBXFileReference; name = "BranchDeepLinkingController.h"; path = "branch-cordova-sdk/BranchDeepLinkingController.h"; sourceTree = "<group>"; fileEncoding = 4; lastKnownFileType = sourcecode.c.h; explicitFileType = undefined; includeInIndex = 0; };
		9C5238E852D842029E77AD4D /* BranchDelegate.h */ = {isa = PBXFileReference; name = "BranchDelegate.h"; path = "branch-cordova-sdk/BranchDelegate.h"; sourceTree = "<group>"; fileEncoding = 4; lastKnownFileType = sourcecode.c.h; explicitFileType = undefined; includeInIndex = 0; };
		1C817AD0B1FA48238455EE2D /* BranchEvent.h */ = {isa = PBXFileReference; name = "BranchEvent.h"; path = "branch-cordova-sdk/BranchEvent.h"; sourceTree = "<group>"; fileEncoding = 4; lastKnownFileType = sourcecode.c.h; explicitFileType = undefined; includeInIndex = 0; };
		59E8BFBF0480449DBE464A9F /* BranchLinkProperties.h */ = {isa = PBXFileReference; name = "BranchLinkProperties.h"; path = "branch-cordova-sdk/BranchLinkProperties.h"; sourceTree = "<group>"; fileEncoding = 4; lastKnownFileType = sourcecode.c.h; explicitFileType = undefined; includeInIndex = 0; };
		7BAADBF4DDD64507831860FD /* BranchShareLink.h */ = {isa = PBXFileReference; name = "BranchShareLink.h"; path = "branch-cordova-sdk/BranchShareLink.h"; sourceTree = "<group>"; fileEncoding = 4; lastKnownFileType = sourcecode.c.h; explicitFileType = undefined; includeInIndex = 0; };
		8CA3C1FBB71D4A19A45F9E95 /* BranchUniversalObject.h */ = {isa = PBXFileReference; name = "BranchUniversalObject.h"; path = "branch-cordova-sdk/BranchUniversalObject.h"; sourceTree = "<group>"; fileEncoding = 4; lastKnownFileType = sourcecode.c.h; explicitFileType = undefined; includeInIndex = 0; };
		4DEAD9E1C36B410F886CEA46 /* BranchView.h */ = {isa = PBXFileReference; name = "BranchView.h"; path = "branch-cordova-sdk/BranchView.h"; sourceTree = "<group>"; fileEncoding = 4; lastKnownFileType = sourcecode.c.h; explicitFileType = undefined; includeInIndex = 0; };
		B971399F21A04387BE0D40E5 /* BranchViewHandler.h */ = {isa = PBXFileReference; name = "BranchViewHandler.h"; path = "branch-cordova-sdk/BranchViewHandler.h"; sourceTree = "<group>"; fileEncoding = 4; lastKnownFileType = sourcecode.c.h; explicitFileType = undefined; includeInIndex = 0; };
		430E5A82485C4F68895A6A17 /* NSMutableDictionary+Branch.h */ = {isa = PBXFileReference; name = "NSMutableDictionary+Branch.h"; path = "branch-cordova-sdk/NSMutableDictionary+Branch.h"; sourceTree = "<group>"; fileEncoding = 4; lastKnownFileType = sourcecode.c.h; explicitFileType = undefined; includeInIndex = 0; };
		37494AE034D1482DB315B571 /* NSString+Branch.h */ = {isa = PBXFileReference; name = "NSString+Branch.h"; path = "branch-cordova-sdk/NSString+Branch.h"; sourceTree = "<group>"; fileEncoding = 4; lastKnownFileType = sourcecode.c.h; explicitFileType = undefined; includeInIndex = 0; };
		CA364F58E2EF46E4AEF82F56 /* UIViewController+Branch.h */ = {isa = PBXFileReference; name = "UIViewController+Branch.h"; path = "branch-cordova-sdk/UIViewController+Branch.h"; sourceTree = "<group>"; fileEncoding = 4; lastKnownFileType = sourcecode.c.h; explicitFileType = undefined; includeInIndex = 0; };
		F7B41326B1384D34AC0622E9 /* BNCNetworkService.h */ = {isa = PBXFileReference; name = "BNCNetworkService.h"; path = "branch-cordova-sdk/BNCNetworkService.h"; sourceTree = "<group>"; fileEncoding = 4; lastKnownFileType = sourcecode.c.h; explicitFileType = undefined; includeInIndex = 0; };
		8407986804E24504953F34E5 /* BNCNetworkServiceProtocol.h */ = {isa = PBXFileReference; name = "BNCNetworkServiceProtocol.h"; path = "branch-cordova-sdk/BNCNetworkServiceProtocol.h"; sourceTree = "<group>"; fileEncoding = 4; lastKnownFileType = sourcecode.c.h; explicitFileType = undefined; includeInIndex = 0; };
		12DD975A1210493FB9ACDDC3 /* BNCServerInterface.h */ = {isa = PBXFileReference; name = "BNCServerInterface.h"; path = "branch-cordova-sdk/BNCServerInterface.h"; sourceTree = "<group>"; fileEncoding = 4; lastKnownFileType = sourcecode.c.h; explicitFileType = undefined; includeInIndex = 0; };
		C2FD850CDC1A451E8E39FC3C /* BNCServerRequest.h */ = {isa = PBXFileReference; name = "BNCServerRequest.h"; path = "branch-cordova-sdk/BNCServerRequest.h"; sourceTree = "<group>"; fileEncoding = 4; lastKnownFileType = sourcecode.c.h; explicitFileType = undefined; includeInIndex = 0; };
		8316602BE5AE4D5E8E99BDA5 /* BNCServerRequestQueue.h */ = {isa = PBXFileReference; name = "BNCServerRequestQueue.h"; path = "branch-cordova-sdk/BNCServerRequestQueue.h"; sourceTree = "<group>"; fileEncoding = 4; lastKnownFileType = sourcecode.c.h; explicitFileType = undefined; includeInIndex = 0; };
		798B47E837EE402BA3BFC07C /* BNCServerResponse.h */ = {isa = PBXFileReference; name = "BNCServerResponse.h"; path = "branch-cordova-sdk/BNCServerResponse.h"; sourceTree = "<group>"; fileEncoding = 4; lastKnownFileType = sourcecode.c.h; explicitFileType = undefined; includeInIndex = 0; };
		65F264FCE2E840528BC107E8 /* BranchCloseRequest.h */ = {isa = PBXFileReference; name = "BranchCloseRequest.h"; path = "branch-cordova-sdk/BranchCloseRequest.h"; sourceTree = "<group>"; fileEncoding = 4; lastKnownFileType = sourcecode.c.h; explicitFileType = undefined; includeInIndex = 0; };
		289C923CB19F457BA6AE41E6 /* BranchCreditHistoryRequest.h */ = {isa = PBXFileReference; name = "BranchCreditHistoryRequest.h"; path = "branch-cordova-sdk/BranchCreditHistoryRequest.h"; sourceTree = "<group>"; fileEncoding = 4; lastKnownFileType = sourcecode.c.h; explicitFileType = undefined; includeInIndex = 0; };
		E08E52CB09184580AAB6D0C7 /* BranchInstallRequest.h */ = {isa = PBXFileReference; name = "BranchInstallRequest.h"; path = "branch-cordova-sdk/BranchInstallRequest.h"; sourceTree = "<group>"; fileEncoding = 4; lastKnownFileType = sourcecode.c.h; explicitFileType = undefined; includeInIndex = 0; };
		9E316DC66F4C4038A7DB0CD2 /* BranchLoadRewardsRequest.h */ = {isa = PBXFileReference; name = "BranchLoadRewardsRequest.h"; path = "branch-cordova-sdk/BranchLoadRewardsRequest.h"; sourceTree = "<group>"; fileEncoding = 4; lastKnownFileType = sourcecode.c.h; explicitFileType = undefined; includeInIndex = 0; };
		3802F0772717419C99594FC5 /* BranchLogoutRequest.h */ = {isa = PBXFileReference; name = "BranchLogoutRequest.h"; path = "branch-cordova-sdk/BranchLogoutRequest.h"; sourceTree = "<group>"; fileEncoding = 4; lastKnownFileType = sourcecode.c.h; explicitFileType = undefined; includeInIndex = 0; };
		09A08B99E97A45B08B7B2E6C /* BranchOpenRequest.h */ = {isa = PBXFileReference; name = "BranchOpenRequest.h"; path = "branch-cordova-sdk/BranchOpenRequest.h"; sourceTree = "<group>"; fileEncoding = 4; lastKnownFileType = sourcecode.c.h; explicitFileType = undefined; includeInIndex = 0; };
		F94469D3B99D43AEB36720BE /* BranchRedeemRewardsRequest.h */ = {isa = PBXFileReference; name = "BranchRedeemRewardsRequest.h"; path = "branch-cordova-sdk/BranchRedeemRewardsRequest.h"; sourceTree = "<group>"; fileEncoding = 4; lastKnownFileType = sourcecode.c.h; explicitFileType = undefined; includeInIndex = 0; };
		0CA9AB00DB484C8180922D2F /* BranchRegisterViewRequest.h */ = {isa = PBXFileReference; name = "BranchRegisterViewRequest.h"; path = "branch-cordova-sdk/BranchRegisterViewRequest.h"; sourceTree = "<group>"; fileEncoding = 4; lastKnownFileType = sourcecode.c.h; explicitFileType = undefined; includeInIndex = 0; };
		06CD538EEA624092A45B07FC /* BranchSetIdentityRequest.h */ = {isa = PBXFileReference; name = "BranchSetIdentityRequest.h"; path = "branch-cordova-sdk/BranchSetIdentityRequest.h"; sourceTree = "<group>"; fileEncoding = 4; lastKnownFileType = sourcecode.c.h; explicitFileType = undefined; includeInIndex = 0; };
		ACB2F6BDA7D34F379DE40B48 /* BranchShortUrlRequest.h */ = {isa = PBXFileReference; name = "BranchShortUrlRequest.h"; path = "branch-cordova-sdk/BranchShortUrlRequest.h"; sourceTree = "<group>"; fileEncoding = 4; lastKnownFileType = sourcecode.c.h; explicitFileType = undefined; includeInIndex = 0; };
		197D8C321E174832BA2C1A5C /* BranchShortUrlSyncRequest.h */ = {isa = PBXFileReference; name = "BranchShortUrlSyncRequest.h"; path = "branch-cordova-sdk/BranchShortUrlSyncRequest.h"; sourceTree = "<group>"; fileEncoding = 4; lastKnownFileType = sourcecode.c.h; explicitFileType = undefined; includeInIndex = 0; };
		02FFD2BCDCFC440FB4375C0A /* BranchSpotlightUrlRequest.h */ = {isa = PBXFileReference; name = "BranchSpotlightUrlRequest.h"; path = "branch-cordova-sdk/BranchSpotlightUrlRequest.h"; sourceTree = "<group>"; fileEncoding = 4; lastKnownFileType = sourcecode.c.h; explicitFileType = undefined; includeInIndex = 0; };
		FD25A5202D7D46C7B30034B7 /* BranchUserCompletedActionRequest.h */ = {isa = PBXFileReference; name = "BranchUserCompletedActionRequest.h"; path = "branch-cordova-sdk/BranchUserCompletedActionRequest.h"; sourceTree = "<group>"; fileEncoding = 4; lastKnownFileType = sourcecode.c.h; explicitFileType = undefined; includeInIndex = 0; };
		82AD9BF8C9C14070A6A40ADC /* iAd.framework */ = {isa = PBXFileReference; name = "iAd.framework"; path = "System/Library/Frameworks/iAd.framework"; sourceTree = SDKROOT; fileEncoding = undefined; lastKnownFileType = wrapper.framework; explicitFileType = undefined; includeInIndex = 0; };
		3F97341445474EC18FF8EC3F /* SafariServices.framework */ = {isa = PBXFileReference; name = "SafariServices.framework"; path = "System/Library/Frameworks/SafariServices.framework"; sourceTree = SDKROOT; fileEncoding = undefined; lastKnownFileType = wrapper.framework; explicitFileType = undefined; includeInIndex = 0; };
		248FEBFFF886410AA8C98D57 /* AdSupport.framework */ = {isa = PBXFileReference; name = "AdSupport.framework"; path = "System/Library/Frameworks/AdSupport.framework"; sourceTree = SDKROOT; fileEncoding = undefined; lastKnownFileType = wrapper.framework; explicitFileType = undefined; includeInIndex = 0; };
		FFFF4DDFF296481796ABBAF1 /* CoreSpotlight.framework */ = {isa = PBXFileReference; name = "CoreSpotlight.framework"; path = "System/Library/Frameworks/CoreSpotlight.framework"; sourceTree = SDKROOT; fileEncoding = undefined; lastKnownFileType = wrapper.framework; explicitFileType = undefined; includeInIndex = 0; };
		23975F7279524C0EBF7CDE09 /* CDVBattery.m */ = {isa = PBXFileReference; name = "CDVBattery.m"; path = "cordova-plugin-battery-status/CDVBattery.m"; sourceTree = "<group>"; fileEncoding = 4; lastKnownFileType = sourcecode.c.objc; explicitFileType = undefined; includeInIndex = 0; };
		E13632A1E82A459E8167B808 /* CDVBattery.h */ = {isa = PBXFileReference; name = "CDVBattery.h"; path = "cordova-plugin-battery-status/CDVBattery.h"; sourceTree = "<group>"; fileEncoding = 4; lastKnownFileType = sourcecode.c.h; explicitFileType = undefined; includeInIndex = 0; };
		92D2E004FEA540A9BC9894C5 /* UIImage+CropScaleOrientation.m */ = {isa = PBXFileReference; name = "UIImage+CropScaleOrientation.m"; path = "cordova-plugin-camera/UIImage+CropScaleOrientation.m"; sourceTree = "<group>"; fileEncoding = 4; lastKnownFileType = sourcecode.c.objc; explicitFileType = undefined; includeInIndex = 0; };
		EB9183481BE74B49BBEFA4E8 /* CDVCamera.m */ = {isa = PBXFileReference; name = "CDVCamera.m"; path = "cordova-plugin-camera/CDVCamera.m"; sourceTree = "<group>"; fileEncoding = 4; lastKnownFileType = sourcecode.c.objc; explicitFileType = undefined; includeInIndex = 0; };
		37BF0E8FB7574E92A823D3FB /* CDVJpegHeaderWriter.m */ = {isa = PBXFileReference; name = "CDVJpegHeaderWriter.m"; path = "cordova-plugin-camera/CDVJpegHeaderWriter.m"; sourceTree = "<group>"; fileEncoding = 4; lastKnownFileType = sourcecode.c.objc; explicitFileType = undefined; includeInIndex = 0; };
		B8FFA8E4E7664B18BF54BFAA /* UIImage+CropScaleOrientation.h */ = {isa = PBXFileReference; name = "UIImage+CropScaleOrientation.h"; path = "cordova-plugin-camera/UIImage+CropScaleOrientation.h"; sourceTree = "<group>"; fileEncoding = 4; lastKnownFileType = sourcecode.c.h; explicitFileType = undefined; includeInIndex = 0; };
		5F669C5A89A747CBA7C441D6 /* CDVCamera.h */ = {isa = PBXFileReference; name = "CDVCamera.h"; path = "cordova-plugin-camera/CDVCamera.h"; sourceTree = "<group>"; fileEncoding = 4; lastKnownFileType = sourcecode.c.h; explicitFileType = undefined; includeInIndex = 0; };
		7A89F8A60243422589773011 /* CDVJpegHeaderWriter.h */ = {isa = PBXFileReference; name = "CDVJpegHeaderWriter.h"; path = "cordova-plugin-camera/CDVJpegHeaderWriter.h"; sourceTree = "<group>"; fileEncoding = 4; lastKnownFileType = sourcecode.c.h; explicitFileType = undefined; includeInIndex = 0; };
		5D3EA2CEA9C24082878879E0 /* CDVExif.h */ = {isa = PBXFileReference; name = "CDVExif.h"; path = "cordova-plugin-camera/CDVExif.h"; sourceTree = "<group>"; fileEncoding = 4; lastKnownFileType = sourcecode.c.h; explicitFileType = undefined; includeInIndex = 0; };
		6EF72CCE25D54D7489C24C4F /* ImageIO.framework */ = {isa = PBXFileReference; name = "ImageIO.framework"; path = "System/Library/Frameworks/ImageIO.framework"; sourceTree = SDKROOT; fileEncoding = undefined; lastKnownFileType = wrapper.framework; explicitFileType = undefined; includeInIndex = 0; };
		A69C19F7AA004BC18B5535BB /* CoreLocation.framework */ = {isa = PBXFileReference; name = "CoreLocation.framework"; path = "System/Library/Frameworks/CoreLocation.framework"; sourceTree = SDKROOT; fileEncoding = undefined; lastKnownFileType = wrapper.framework; explicitFileType = undefined; includeInIndex = 0; };
		BF08B743D9EA442791EC50A9 /* AVFoundation.framework */ = {isa = PBXFileReference; name = "AVFoundation.framework"; path = "System/Library/Frameworks/AVFoundation.framework"; sourceTree = SDKROOT; fileEncoding = undefined; lastKnownFileType = wrapper.framework; explicitFileType = undefined; includeInIndex = 0; };
		A19454D47B70410FBFE7AFC2 /* CDVFile.m */ = {isa = PBXFileReference; name = "CDVFile.m"; path = "cordova-plugin-file/CDVFile.m"; sourceTree = "<group>"; fileEncoding = 4; lastKnownFileType = sourcecode.c.objc; explicitFileType = undefined; includeInIndex = 0; };
		225C5CC29B47477182411FED /* CDVLocalFilesystem.m */ = {isa = PBXFileReference; name = "CDVLocalFilesystem.m"; path = "cordova-plugin-file/CDVLocalFilesystem.m"; sourceTree = "<group>"; fileEncoding = 4; lastKnownFileType = sourcecode.c.objc; explicitFileType = undefined; includeInIndex = 0; };
		22AF4C618C924D9D85189C63 /* CDVAssetLibraryFilesystem.m */ = {isa = PBXFileReference; name = "CDVAssetLibraryFilesystem.m"; path = "cordova-plugin-file/CDVAssetLibraryFilesystem.m"; sourceTree = "<group>"; fileEncoding = 4; lastKnownFileType = sourcecode.c.objc; explicitFileType = undefined; includeInIndex = 0; };
		5F3E5B17250E405599FB546E /* CDVFile.h */ = {isa = PBXFileReference; name = "CDVFile.h"; path = "cordova-plugin-file/CDVFile.h"; sourceTree = "<group>"; fileEncoding = 4; lastKnownFileType = sourcecode.c.h; explicitFileType = undefined; includeInIndex = 0; };
		ACF2334EA462401DB778B9B8 /* CDVLocalFilesystem.h */ = {isa = PBXFileReference; name = "CDVLocalFilesystem.h"; path = "cordova-plugin-file/CDVLocalFilesystem.h"; sourceTree = "<group>"; fileEncoding = 4; lastKnownFileType = sourcecode.c.h; explicitFileType = undefined; includeInIndex = 0; };
		2F4745F2D23F4807BC984D50 /* CDVAssetLibraryFilesystem.h */ = {isa = PBXFileReference; name = "CDVAssetLibraryFilesystem.h"; path = "cordova-plugin-file/CDVAssetLibraryFilesystem.h"; sourceTree = "<group>"; fileEncoding = 4; lastKnownFileType = sourcecode.c.h; explicitFileType = undefined; includeInIndex = 0; };
		7BFEE5AECE54424CB15B1111 /* CDVCapture.m */ = {isa = PBXFileReference; name = "CDVCapture.m"; path = "cordova-plugin-media-capture/CDVCapture.m"; sourceTree = "<group>"; fileEncoding = 4; lastKnownFileType = sourcecode.c.objc; explicitFileType = undefined; includeInIndex = 0; };
		93109F2A23C84F4A802B476B /* CDVCapture.h */ = {isa = PBXFileReference; name = "CDVCapture.h"; path = "cordova-plugin-media-capture/CDVCapture.h"; sourceTree = "<group>"; fileEncoding = 4; lastKnownFileType = sourcecode.c.h; explicitFileType = undefined; includeInIndex = 0; };
		76D03193D4E24C7BB3356AF4 /* CDVCapture.bundle */ = {isa = PBXFileReference; name = "CDVCapture.bundle"; path = "CDVCapture.bundle"; sourceTree = "<group>"; fileEncoding = undefined; lastKnownFileType = wrapper.plug-in; explicitFileType = undefined; includeInIndex = 0; };
		C55EA303060D4539B358F1E3 /* CDVDevice.m */ = {isa = PBXFileReference; name = "CDVDevice.m"; path = "cordova-plugin-device/CDVDevice.m"; sourceTree = "<group>"; fileEncoding = 4; lastKnownFileType = sourcecode.c.objc; explicitFileType = undefined; includeInIndex = 0; };
		F0E985C88243464092470F64 /* CDVDevice.h */ = {isa = PBXFileReference; name = "CDVDevice.h"; path = "cordova-plugin-device/CDVDevice.h"; sourceTree = "<group>"; fileEncoding = 4; lastKnownFileType = sourcecode.c.h; explicitFileType = undefined; includeInIndex = 0; };
		683867E4DDA64A0FB5685FE1 /* libz.tbd */ = {isa = PBXFileReference; name = "libz.tbd"; path = "usr/lib/libz.tbd"; sourceTree = SDKROOT; fileEncoding = undefined; lastKnownFileType = sourcecode.text-based-dylib-definition; explicitFileType = undefined; includeInIndex = 0; };
		502043749B224D17ACAC62C0 /* CDVNotification.m */ = {isa = PBXFileReference; name = "CDVNotification.m"; path = "cordova-plugin-dialogs/CDVNotification.m"; sourceTree = "<group>"; fileEncoding = 4; lastKnownFileType = sourcecode.c.objc; explicitFileType = undefined; includeInIndex = 0; };
		6D4E7F2E52314C3AAB4B274C /* CDVNotification.h */ = {isa = PBXFileReference; name = "CDVNotification.h"; path = "cordova-plugin-dialogs/CDVNotification.h"; sourceTree = "<group>"; fileEncoding = 4; lastKnownFileType = sourcecode.c.h; explicitFileType = undefined; includeInIndex = 0; };
		70ACC2731EA8416F8A11D8AF /* CDVNotification.bundle */ = {isa = PBXFileReference; name = "CDVNotification.bundle"; path = "CDVNotification.bundle"; sourceTree = "<group>"; fileEncoding = undefined; lastKnownFileType = wrapper.plug-in; explicitFileType = undefined; includeInIndex = 0; };
		65B6FA1772C74F1DB0063D20 /* AudioToolbox.framework */ = {isa = PBXFileReference; name = "AudioToolbox.framework"; path = "System/Library/Frameworks/AudioToolbox.framework"; sourceTree = SDKROOT; fileEncoding = undefined; lastKnownFileType = wrapper.framework; explicitFileType = undefined; includeInIndex = 0; };
		080EAF14EF534B508C743E42 /* CDVLocation.m */ = {isa = PBXFileReference; name = "CDVLocation.m"; path = "cordova-plugin-geolocation/CDVLocation.m"; sourceTree = "<group>"; fileEncoding = 4; lastKnownFileType = sourcecode.c.objc; explicitFileType = undefined; includeInIndex = 0; };
		9ABC2E78B11B4D989F7D5220 /* CDVLocation.h */ = {isa = PBXFileReference; name = "CDVLocation.h"; path = "cordova-plugin-geolocation/CDVLocation.h"; sourceTree = "<group>"; fileEncoding = 4; lastKnownFileType = sourcecode.c.h; explicitFileType = undefined; includeInIndex = 0; };
		339291B4C5034CB3AC70546F /* CDVGlobalization.m */ = {isa = PBXFileReference; name = "CDVGlobalization.m"; path = "cordova-plugin-globalization/CDVGlobalization.m"; sourceTree = "<group>"; fileEncoding = 4; lastKnownFileType = sourcecode.c.objc; explicitFileType = undefined; includeInIndex = 0; };
		26DCC1682AF047C48B008F8D /* CDVGlobalization.h */ = {isa = PBXFileReference; name = "CDVGlobalization.h"; path = "cordova-plugin-globalization/CDVGlobalization.h"; sourceTree = "<group>"; fileEncoding = 4; lastKnownFileType = sourcecode.c.h; explicitFileType = undefined; includeInIndex = 0; };
		BBD31820B7D84C128CFB6245 /* CDVInAppBrowser.m */ = {isa = PBXFileReference; name = "CDVInAppBrowser.m"; path = "cordova-plugin-inappbrowser/CDVInAppBrowser.m"; sourceTree = "<group>"; fileEncoding = 4; lastKnownFileType = sourcecode.c.objc; explicitFileType = undefined; includeInIndex = 0; };
		6161AEF0056B420BB9065E12 /* CDVInAppBrowser.h */ = {isa = PBXFileReference; name = "CDVInAppBrowser.h"; path = "cordova-plugin-inappbrowser/CDVInAppBrowser.h"; sourceTree = "<group>"; fileEncoding = 4; lastKnownFileType = sourcecode.c.h; explicitFileType = undefined; includeInIndex = 0; };
		F65D67E50C1F413BA4B511AE /* CDVConnection.m */ = {isa = PBXFileReference; name = "CDVConnection.m"; path = "cordova-plugin-network-information/CDVConnection.m"; sourceTree = "<group>"; fileEncoding = 4; lastKnownFileType = sourcecode.c.objc; explicitFileType = undefined; includeInIndex = 0; };
		5638AF30AF3A4AFFABA18779 /* CDVReachability.m */ = {isa = PBXFileReference; name = "CDVReachability.m"; path = "cordova-plugin-network-information/CDVReachability.m"; sourceTree = "<group>"; fileEncoding = 4; lastKnownFileType = sourcecode.c.objc; explicitFileType = undefined; includeInIndex = 0; };
		57280E7C77054097979CCA6C /* CDVConnection.h */ = {isa = PBXFileReference; name = "CDVConnection.h"; path = "cordova-plugin-network-information/CDVConnection.h"; sourceTree = "<group>"; fileEncoding = 4; lastKnownFileType = sourcecode.c.h; explicitFileType = undefined; includeInIndex = 0; };
		229E91A1F9CC4C4A9A0D3DFD /* CDVReachability.h */ = {isa = PBXFileReference; name = "CDVReachability.h"; path = "cordova-plugin-network-information/CDVReachability.h"; sourceTree = "<group>"; fileEncoding = 4; lastKnownFileType = sourcecode.c.h; explicitFileType = undefined; includeInIndex = 0; };
		27D947DE9CA24683A37698D8 /* SystemConfiguration.framework */ = {isa = PBXFileReference; name = "SystemConfiguration.framework"; path = "System/Library/Frameworks/SystemConfiguration.framework"; sourceTree = SDKROOT; fileEncoding = undefined; lastKnownFileType = wrapper.framework; explicitFileType = undefined; includeInIndex = 0; };
		402D9DAAF32F4D7495CB4EBC /* CoreTelephony.framework */ = {isa = PBXFileReference; name = "CoreTelephony.framework"; path = "System/Library/Frameworks/CoreTelephony.framework"; sourceTree = SDKROOT; fileEncoding = undefined; lastKnownFileType = wrapper.framework; explicitFileType = undefined; includeInIndex = 0; };
		2642585195094FF9B37BCEC0 /* CDVVibration.m */ = {isa = PBXFileReference; name = "CDVVibration.m"; path = "cordova-plugin-vibration/CDVVibration.m"; sourceTree = "<group>"; fileEncoding = 4; lastKnownFileType = sourcecode.c.objc; explicitFileType = undefined; includeInIndex = 0; };
		1BB5D21ED3CA41DBBDB098D3 /* CDVVibration.h */ = {isa = PBXFileReference; name = "CDVVibration.h"; path = "cordova-plugin-vibration/CDVVibration.h"; sourceTree = "<group>"; fileEncoding = 4; lastKnownFileType = sourcecode.c.h; explicitFileType = undefined; includeInIndex = 0; };
/* End PBXFileReference section */

/* Begin PBXFrameworksBuildPhase section */
		1D60588F0D05DD3D006BFB54 /* Frameworks */ = {
			isa = PBXFrameworksBuildPhase;
			buildActionMask = 2147483647;
			files = (
				301BF552109A68D80062928A /* libCordova.a in Frameworks */,
				EE0CB9D8686E4887B4617A1A /* iAd.framework in Frameworks */,
				57AB00065E0D403CB33EED79 /* SafariServices.framework in Frameworks */,
				A40A4739865344488491A9F0 /* AdSupport.framework in Frameworks */,
				4514B5609BC244368B539992 /* CoreSpotlight.framework in Frameworks */,
				8548348F20134A46B0698C94 /* ImageIO.framework in Frameworks */,
				882B2A8542CD4AE1B0EF999E /* CoreLocation.framework in Frameworks */,
				6EE8CF9FAA724F0685115C7A /* AVFoundation.framework in Frameworks */,
				E93BB0EE6FFB43CFAAAF638D /* libz.tbd in Frameworks */,
				70E28DE6F4354E1181A71027 /* AudioToolbox.framework in Frameworks */,
				0769BC8A90D3484C8116A485 /* SystemConfiguration.framework in Frameworks */,
				9B9D168F8B1E4B1FB1EA867B /* CoreTelephony.framework in Frameworks */,
			);
			runOnlyForDeploymentPostprocessing = 0;
		};
/* End PBXFrameworksBuildPhase section */

/* Begin PBXGroup section */
		080E96DDFE201D6D7F000001 /* Classes */ = {
			isa = PBXGroup;
			children = (
				302D95EE14D2391D003F00A1 /* MainViewController.h */,
				302D95EF14D2391D003F00A1 /* MainViewController.m */,
				302D95F014D2391D003F00A1 /* MainViewController.xib */,
				1D3623240D0F684500981E51 /* AppDelegate.h */,
				1D3623250D0F684500981E51 /* AppDelegate.m */,
			);
			name = Classes;
			path = "PhoneGap1/Classes";
			sourceTree = SOURCE_ROOT;
		};
		19C28FACFE9D520D11CA2CBB /* Products */ = {
			isa = PBXGroup;
			children = (
				1D6058910D05DD3D006BFB54 /* PhoneGap1.app */,
			);
			name = Products;
			sourceTree = "<group>";
		};
		29B97314FDCFA39411CA2CEA /* CustomTemplate */ = {
			isa = PBXGroup;
			children = (
				EB87FDF41871DAF40020F90C /* config.xml */,
				EB87FDF31871DA8E0020F90C /* www */,
				EB87FDF11871DA420020F90C /* Staging */,
				301BF52D109A57CC0062928A /* CordovaLib.xcodeproj */,
				080E96DDFE201D6D7F000001 /* Classes */,
				307C750510C5A3420062BCA9 /* Plugins */,
				29B97315FDCFA39411CA2CEA /* Other Sources */,
				29B97317FDCFA39411CA2CEA /* Resources */,
				29B97323FDCFA39411CA2CEA /* Frameworks */,
				19C28FACFE9D520D11CA2CBB /* Products */,
			);
			name = CustomTemplate;
			sourceTree = "<group>";
		};
		29B97315FDCFA39411CA2CEA /* Other Sources */ = {
			isa = PBXGroup;
			children = (
				32CA4F630368D1EE00C91783 /* PhoneGap1-Prefix.pch */,
				29B97316FDCFA39411CA2CEA /* main.m */,
				ED33DF2A687741AEAF9F8254 /* Bridging-Header.h */,
			);
			name = "Other Sources";
			path = "PhoneGap1";
			sourceTree = "<group>";
		};
		29B97317FDCFA39411CA2CEA /* Resources */ = {
			isa = PBXGroup;
			children = (
				0207DA571B56EA530066E2B4 /* Images.xcassets */,
				3047A50E1AB8057F00498E2A /* config */,
				8D1107310486CEB800E47090 /* PhoneGap1-Info.plist */,
				6AFF5BF81D6E424B00AB3073 /* CDVLaunchScreen.storyboard */,
				76D03193D4E24C7BB3356AF4 /* CDVCapture.bundle */,
				70ACC2731EA8416F8A11D8AF /* CDVNotification.bundle */,
			);
			name = Resources;
			path = "PhoneGap1/Resources";
			sourceTree = "<group>";
		};
		29B97323FDCFA39411CA2CEA /* Frameworks */ = {
			isa = PBXGroup;
			children = (
				82AD9BF8C9C14070A6A40ADC /* iAd.framework */,
				3F97341445474EC18FF8EC3F /* SafariServices.framework */,
				248FEBFFF886410AA8C98D57 /* AdSupport.framework */,
				FFFF4DDFF296481796ABBAF1 /* CoreSpotlight.framework */,
				6EF72CCE25D54D7489C24C4F /* ImageIO.framework */,
				A69C19F7AA004BC18B5535BB /* CoreLocation.framework */,
				BF08B743D9EA442791EC50A9 /* AVFoundation.framework */,
				683867E4DDA64A0FB5685FE1 /* libz.tbd */,
				65B6FA1772C74F1DB0063D20 /* AudioToolbox.framework */,
				27D947DE9CA24683A37698D8 /* SystemConfiguration.framework */,
				402D9DAAF32F4D7495CB4EBC /* CoreTelephony.framework */,
			);
			name = Frameworks;
			sourceTree = "<group>";
		};
		301BF52E109A57CC0062928A /* Products */ = {
			isa = PBXGroup;
			children = (
				301BF535109A57CC0062928A /* libCordova.a */,
			);
			name = Products;
			sourceTree = "<group>";
		};
		3047A50E1AB8057F00498E2A /* config */ = {
			isa = PBXGroup;
			children = (
				3047A50F1AB8059700498E2A /* build-debug.xcconfig */,
				3047A5101AB8059700498E2A /* build-release.xcconfig */,
				3047A5111AB8059700498E2A /* build.xcconfig */,
			);
			name = config;
			sourceTree = "<group>";
		};
		307C750510C5A3420062BCA9 /* Plugins */ = {
			isa = PBXGroup;
			children = (
				BA0824D71EAE409999524C47 /* BranchSDK.m */,
				6D9A10210B70474188967C92 /* AppDelegate+BranchSdk.m */,
				1035C00DE10041CDA0D081FB /* BNCApplication.m */,
				193ACEE17F364EB0A3D3260C /* BNCAvailability.m */,
				54A74D76F1A34A798A0A6E77 /* BNCCommerceEvent.m */,
				CE971E53C6E54E8B99CB9FED /* BNCConfig.m */,
				320BC4E05E2242968A51DF28 /* BNCContentDiscoveryManager.m */,
				1ACAF39C53B24B0A9DDA1B70 /* BNCCrashlyticsWrapper.m */,
				205822A0602842AAB8F616E8 /* BNCDebug.m */,
				F318DBD972224C908FBFB804 /* BNCDeepLinkViewControllerInstance.m */,
				5069343ECA69471D971379DC /* BNCDeviceInfo.m */,
				AA05D0ABA23C46FB9BAB89DC /* BNCEncodingUtils.m */,
				B8BC66CAF18A45B4A70B1D53 /* BNCError.m */,
				AD08947FB22F45B384AFD80B /* BNCFabricAnswers.m */,
				F0CADE9B2CBC4334827E8963 /* BNCKeyChain.m */,
				099297977C76495D8823AAA5 /* BNCLinkCache.m */,
				3411842EA137461A86EB193C /* BNCLinkData.m */,
				C9C8195951C9438B96457287 /* BNCLocalization.m */,
				96A4DC5690A94640A83CF8AF /* BNCLog.m */,
				D0CFCA89386B40A590136D33 /* BNCPreferenceHelper.m */,
				4E389400FC6E41EE904ADAF7 /* BNCSpotlightService.m */,
				6CAAD686DD984CDC8428741D /* BNCStrongMatchHelper.m */,
				E749F355144B4076A2CA155F /* BNCSystemObserver.m */,
				06FA70C56448438F9B33D24F /* BNCURLBlackList.m */,
				062B59A1377B4681B5DFCB3D /* Branch+Validator.m */,
				3DDD0278CF104B2EB6B38F9B /* Branch.m */,
				A50C64C523954EB690BF39BF /* BranchActivityItemProvider.m */,
				55F7C551246F44ECBFAB2180 /* BranchCSSearchableItemAttributeSet.m */,
				D3ED2D52FC5F49AFAF320F4E /* BranchConstants.m */,
				ACD7FD9749B34F5F8E5E4D83 /* BranchContentDiscoverer.m */,
				49650C6D54DD48C49F757E66 /* BranchContentDiscoveryManifest.m */,
				53C89E17292640B5B36165C8 /* BranchContentPathProperties.m */,
				2A267432174841F1B68D6896 /* BranchDelegate.m */,
				42F38A6714CC446F8DA0C96E /* BranchEvent.m */,
				5BD3B6A4135C4445A2672091 /* BranchLinkProperties.m */,
				4D56AC70784F49AE912EDE9A /* BranchShareLink.m */,
				43688F8C127A434886702C44 /* BranchUniversalObject.m */,
				034D09FBF8974592AFD22C7F /* BranchView.m */,
				73E493930B10422F946AD5FA /* BranchViewHandler.m */,
				8002BD278E1A47999A9E84C9 /* NSMutableDictionary+Branch.m */,
				8356F72401024F2C8518B384 /* NSString+Branch.m */,
				587ABE4A60D3484F830FB9BB /* UIViewController+Branch.m */,
				87FFBFD633FB4268AECEB40F /* BNCNetworkService.m */,
				E82A4CCCFBA1471CB6CB17E5 /* BNCServerInterface.m */,
				2616ADE09ECC44748627D94B /* BNCServerRequest.m */,
				7A6B71433D264A2286A28D79 /* BNCServerRequestQueue.m */,
				3BBA80675D7F41B6AB877216 /* BNCServerResponse.m */,
				0B0093F500EA4B74BE9A89D3 /* BranchCloseRequest.m */,
				1C49D6E253164E2AA4988C16 /* BranchCreditHistoryRequest.m */,
				5EEB2C6900754DB3A5EFA63E /* BranchInstallRequest.m */,
				36E79B8C687D46BAA1B56F9F /* BranchLoadRewardsRequest.m */,
				E6ACB90A66154DE3924A1496 /* BranchLogoutRequest.m */,
				8187A4EB5C76467A8A4126BB /* BranchOpenRequest.m */,
				1E12C13F55E445A2B236947F /* BranchRedeemRewardsRequest.m */,
				CC41D43A0FA54663A2F85148 /* BranchRegisterViewRequest.m */,
				7901706AFC034485B135E261 /* BranchSetIdentityRequest.m */,
				08B07E443D404B1EBB646683 /* BranchShortUrlRequest.m */,
				806A37880B554B59A566478F /* BranchShortUrlSyncRequest.m */,
				1688065EAB7E425AA2373E57 /* BranchSpotlightUrlRequest.m */,
				63CA6A45A192462CACCDD0FB /* BranchUserCompletedActionRequest.m */,
				6066198E650440A9ADDA98AD /* BranchNPM.h */,
				E8CB9AF654F34E92B60753E0 /* BranchSDK.h */,
				D41FEB9D59B441BEA2E2DCE2 /* ANSCompatibility.h */,
				94E3CA0E6C8E4A67942DF6BB /* Answers.h */,
				FB0B0811856B4E64B05C6E55 /* FABAttributes.h */,
				65814110935648179C24C541 /* FABKitProtocol.h */,
				04ADF9179D194236BDB0BBD2 /* Fabric+FABKits.h */,
				61BF50EF1F2448C6862251C9 /* Fabric.h */,
				036B96DB7492443C91DF6F08 /* BNCApplication.h */,
				2A2E8B8DD1E1468FB11ADF8F /* BNCAvailability.h */,
				3DF4C4CE755D4629B7D2CACB /* BNCCallbacks.h */,
				A8E00307989445B4A3C61501 /* BNCCommerceEvent.h */,
				C114F40BBE714DA8AB461762 /* BNCConfig.h */,
				DA756E32C1D847DC82442D3C /* BNCContentDiscoveryManager.h */,
				0334EA3732C14700AF3C664A /* BNCCrashlyticsWrapper.h */,
				AB77A3C5A8BF449099E37746 /* BNCDebug.h */,
				0F05274515F14A95960FCAEE /* BNCDeepLinkViewControllerInstance.h */,
				80E27BD8678A426ABC1AFDCF /* BNCDeviceInfo.h */,
				7FCF8303D82E45B59A0273B1 /* BNCEncodingUtils.h */,
				203729C465F64276AC9B8951 /* BNCError.h */,
				9CE008A320C749B093A22821 /* BNCFabricAnswers.h */,
				79C732E3F8A7411CAB362E0F /* BNCFieldDefines.h */,
				217C380224C44160A78945BE /* BNCKeyChain.h */,
				EA7B915404D7490FA5079A80 /* BNCLinkCache.h */,
				FF15122AA7304048B42C575E /* BNCLinkData.h */,
				16E8B84CD773430CBCD02558 /* BNCLocalization.h */,
				BA610D266AD94E519CA3569D /* BNCLog.h */,
				269F9E2EBEC24B25929A5062 /* BNCPreferenceHelper.h */,
				C53F13C1340147D4BEC27A6B /* BNCSpotlightService.h */,
				FFC13D15544444C29C8B6C3D /* BNCStrongMatchHelper.h */,
				88900D0846D94F7A9120AA5A /* BNCSystemObserver.h */,
				9FE64A7B19544881BA38068A /* BNCURLBlackList.h */,
				439FB09630D545FEB2B2C351 /* Branch+Validator.h */,
				24D831BCCCA846B6AF635B2F /* Branch.h */,
				87E574073520458481D53661 /* BranchActivityItemProvider.h */,
				E827D158C6664D378FA6F7A9 /* BranchCSSearchableItemAttributeSet.h */,
				B406D4C7474C4E50B798BC11 /* BranchConstants.h */,
				A95FF35EB0B446299A884BCE /* BranchContentDiscoverer.h */,
				39B87D15EE034DC39843510F /* BranchContentDiscoveryManifest.h */,
				15CC1F15099947F8BB86D126 /* BranchContentPathProperties.h */,
				4C7817C38F0F4495ADD596A5 /* BranchDeepLinkingController.h */,
				9C5238E852D842029E77AD4D /* BranchDelegate.h */,
				1C817AD0B1FA48238455EE2D /* BranchEvent.h */,
				59E8BFBF0480449DBE464A9F /* BranchLinkProperties.h */,
				7BAADBF4DDD64507831860FD /* BranchShareLink.h */,
				8CA3C1FBB71D4A19A45F9E95 /* BranchUniversalObject.h */,
				4DEAD9E1C36B410F886CEA46 /* BranchView.h */,
				B971399F21A04387BE0D40E5 /* BranchViewHandler.h */,
				430E5A82485C4F68895A6A17 /* NSMutableDictionary+Branch.h */,
				37494AE034D1482DB315B571 /* NSString+Branch.h */,
				CA364F58E2EF46E4AEF82F56 /* UIViewController+Branch.h */,
				F7B41326B1384D34AC0622E9 /* BNCNetworkService.h */,
				8407986804E24504953F34E5 /* BNCNetworkServiceProtocol.h */,
				12DD975A1210493FB9ACDDC3 /* BNCServerInterface.h */,
				C2FD850CDC1A451E8E39FC3C /* BNCServerRequest.h */,
				8316602BE5AE4D5E8E99BDA5 /* BNCServerRequestQueue.h */,
				798B47E837EE402BA3BFC07C /* BNCServerResponse.h */,
				65F264FCE2E840528BC107E8 /* BranchCloseRequest.h */,
				289C923CB19F457BA6AE41E6 /* BranchCreditHistoryRequest.h */,
				E08E52CB09184580AAB6D0C7 /* BranchInstallRequest.h */,
				9E316DC66F4C4038A7DB0CD2 /* BranchLoadRewardsRequest.h */,
				3802F0772717419C99594FC5 /* BranchLogoutRequest.h */,
				09A08B99E97A45B08B7B2E6C /* BranchOpenRequest.h */,
				F94469D3B99D43AEB36720BE /* BranchRedeemRewardsRequest.h */,
				0CA9AB00DB484C8180922D2F /* BranchRegisterViewRequest.h */,
				06CD538EEA624092A45B07FC /* BranchSetIdentityRequest.h */,
				ACB2F6BDA7D34F379DE40B48 /* BranchShortUrlRequest.h */,
				197D8C321E174832BA2C1A5C /* BranchShortUrlSyncRequest.h */,
				02FFD2BCDCFC440FB4375C0A /* BranchSpotlightUrlRequest.h */,
				FD25A5202D7D46C7B30034B7 /* BranchUserCompletedActionRequest.h */,
				23975F7279524C0EBF7CDE09 /* CDVBattery.m */,
				E13632A1E82A459E8167B808 /* CDVBattery.h */,
				92D2E004FEA540A9BC9894C5 /* UIImage+CropScaleOrientation.m */,
				EB9183481BE74B49BBEFA4E8 /* CDVCamera.m */,
				37BF0E8FB7574E92A823D3FB /* CDVJpegHeaderWriter.m */,
				B8FFA8E4E7664B18BF54BFAA /* UIImage+CropScaleOrientation.h */,
				5F669C5A89A747CBA7C441D6 /* CDVCamera.h */,
				7A89F8A60243422589773011 /* CDVJpegHeaderWriter.h */,
				5D3EA2CEA9C24082878879E0 /* CDVExif.h */,
				A19454D47B70410FBFE7AFC2 /* CDVFile.m */,
				225C5CC29B47477182411FED /* CDVLocalFilesystem.m */,
				22AF4C618C924D9D85189C63 /* CDVAssetLibraryFilesystem.m */,
				5F3E5B17250E405599FB546E /* CDVFile.h */,
				ACF2334EA462401DB778B9B8 /* CDVLocalFilesystem.h */,
				2F4745F2D23F4807BC984D50 /* CDVAssetLibraryFilesystem.h */,
				7BFEE5AECE54424CB15B1111 /* CDVCapture.m */,
				93109F2A23C84F4A802B476B /* CDVCapture.h */,
				C55EA303060D4539B358F1E3 /* CDVDevice.m */,
				F0E985C88243464092470F64 /* CDVDevice.h */,
				502043749B224D17ACAC62C0 /* CDVNotification.m */,
				6D4E7F2E52314C3AAB4B274C /* CDVNotification.h */,
				080EAF14EF534B508C743E42 /* CDVLocation.m */,
				9ABC2E78B11B4D989F7D5220 /* CDVLocation.h */,
				339291B4C5034CB3AC70546F /* CDVGlobalization.m */,
				26DCC1682AF047C48B008F8D /* CDVGlobalization.h */,
				BBD31820B7D84C128CFB6245 /* CDVInAppBrowser.m */,
				6161AEF0056B420BB9065E12 /* CDVInAppBrowser.h */,
				F65D67E50C1F413BA4B511AE /* CDVConnection.m */,
				5638AF30AF3A4AFFABA18779 /* CDVReachability.m */,
				57280E7C77054097979CCA6C /* CDVConnection.h */,
				229E91A1F9CC4C4A9A0D3DFD /* CDVReachability.h */,
				2642585195094FF9B37BCEC0 /* CDVVibration.m */,
				1BB5D21ED3CA41DBBDB098D3 /* CDVVibration.h */,
			);
			name = Plugins;
			path = "PhoneGap1/Plugins";
			sourceTree = SOURCE_ROOT;
		};
		EB87FDF11871DA420020F90C /* Staging */ = {
			isa = PBXGroup;
			children = (
				F840E1F0165FE0F500CFE078 /* config.xml */,
				301BF56E109A69640062928A /* www */,
			);
			name = Staging;
			sourceTree = "<group>";
		};
/* End PBXGroup section */

/* Begin PBXNativeTarget section */
		1D6058900D05DD3D006BFB54 /* PhoneGap1 */ = {
			isa = PBXNativeTarget;
			buildConfigurationList = 1D6058960D05DD3E006BFB54 /* Build configuration list for PBXNativeTarget "PhoneGap1" */;
			buildPhases = (
				304B58A110DAC018002A0835 /* Copy www directory */,
				1D60588D0D05DD3D006BFB54 /* Resources */,
				1D60588E0D05DD3D006BFB54 /* Sources */,
				1D60588F0D05DD3D006BFB54 /* Frameworks */,
			);
			buildRules = (
			);
			dependencies = (
				301BF551109A68C00062928A /* PBXTargetDependency */,
			);
			name = "PhoneGap1";
			productName = "PhoneGap1";
			productReference = 1D6058910D05DD3D006BFB54 /* PhoneGap1.app */;
			productType = "com.apple.product-type.application";
		};
/* End PBXNativeTarget section */

/* Begin PBXProject section */
		29B97313FDCFA39411CA2CEA /* Project object */ = {
			isa = PBXProject;
			attributes = {
				LastUpgradeCheck = 510;
			};
			buildConfigurationList = C01FCF4E08A954540054247B /* Build configuration list for PBXProject "__NON-CLI__" */;
			compatibilityVersion = "Xcode 3.2";
			developmentRegion = English;
			hasScannedForEncodings = 1;
			mainGroup = 29B97314FDCFA39411CA2CEA /* CustomTemplate */;
			projectDirPath = "";
			projectReferences = (
				{
					ProductGroup = 301BF52E109A57CC0062928A /* Products */;
					ProjectRef = 301BF52D109A57CC0062928A /* CordovaLib.xcodeproj */;
				},
			);
			projectRoot = "";
			targets = (
				1D6058900D05DD3D006BFB54 /* PhoneGap1 */,
			);
		};
/* End PBXProject section */

/* Begin PBXReferenceProxy section */
		301BF535109A57CC0062928A /* libCordova.a */ = {
			isa = PBXReferenceProxy;
			fileType = archive.ar;
			path = libCordova.a;
			remoteRef = 301BF534109A57CC0062928A /* PBXContainerItemProxy */;
			sourceTree = BUILT_PRODUCTS_DIR;
		};
/* End PBXReferenceProxy section */

/* Begin PBXResourcesBuildPhase section */
		1D60588D0D05DD3D006BFB54 /* Resources */ = {
			isa = PBXResourcesBuildPhase;
			buildActionMask = 2147483647;
			files = (
				302D95F214D2391D003F00A1 /* MainViewController.xib in Resources */,
				0207DA581B56EA530066E2B4 /* Images.xcassets in Resources */,
				6AFF5BF91D6E424B00AB3073 /* CDVLaunchScreen.storyboard in Resources */,
				3ABFB0AA871C4617B3EFCDFE /* CDVCapture.bundle in Resources */,
				15DD2205E4084D50B4041959 /* CDVNotification.bundle in Resources */,
			);
			runOnlyForDeploymentPostprocessing = 0;
		};
/* End PBXResourcesBuildPhase section */

/* Begin PBXShellScriptBuildPhase section */
		304B58A110DAC018002A0835 /* Copy www directory */ = {
			isa = PBXShellScriptBuildPhase;
			buildActionMask = 2147483647;
			files = (
			);
			inputPaths = (
			);
			name = "Copy www directory";
			outputPaths = (
			);
			runOnlyForDeploymentPostprocessing = 0;
			shellPath = /bin/sh;
			shellScript = "NODEJS_PATH=/usr/local/bin; NVM_NODE_PATH=~/.nvm/versions/node/`nvm version 2>/dev/null`/bin; N_NODE_PATH=`find /usr/local/n/versions/node/* -maxdepth 0 -type d 2>/dev/null | tail -1`/bin; XCODE_NODE_PATH=`xcode-select --print-path`/usr/share/xcs/Node/bin; PATH=$NODEJS_PATH:$NVM_NODE_PATH:$N_NODE_PATH:$XCODE_NODE_PATH:$PATH && node cordova/lib/copy-www-build-step.js";
			showEnvVarsInLog = 0;
		};
/* End PBXShellScriptBuildPhase section */

/* Begin PBXSourcesBuildPhase section */
		1D60588E0D05DD3D006BFB54 /* Sources */ = {
			isa = PBXSourcesBuildPhase;
			buildActionMask = 2147483647;
			files = (
				1D60589B0D05DD56006BFB54 /* main.m in Sources */,
				1D3623260D0F684500981E51 /* AppDelegate.m in Sources */,
				302D95F114D2391D003F00A1 /* MainViewController.m in Sources */,
				637C5C7C490B4F15BDC9D4DC /* BranchSDK.m in Sources */,
				52AA5C6BF64349DF9BEE7BBC /* AppDelegate+BranchSdk.m in Sources */,
				91641FB1EAB140F79401F960 /* BNCApplication.m in Sources */,
				223E703278614D89B4EE4A47 /* BNCAvailability.m in Sources */,
				8E78BF98F5514A1EA9688573 /* BNCCommerceEvent.m in Sources */,
				4D05B923201C412CAB7672A8 /* BNCConfig.m in Sources */,
				95B203186AFD4651AE6F08FE /* BNCContentDiscoveryManager.m in Sources */,
				4A728735622845B08580124B /* BNCCrashlyticsWrapper.m in Sources */,
				DD1AD9EF9C7B4920B486BEE4 /* BNCDebug.m in Sources */,
				7EC65A323D244DD289ED74CE /* BNCDeepLinkViewControllerInstance.m in Sources */,
				A9EA77CDB1B94543B9C27535 /* BNCDeviceInfo.m in Sources */,
				E75D01F4F599470B8E388593 /* BNCEncodingUtils.m in Sources */,
				1328A6193C824E589B33F1E8 /* BNCError.m in Sources */,
				343DFA205074437CB070A64E /* BNCFabricAnswers.m in Sources */,
				F6033BABAB2E439CAE305B6D /* BNCKeyChain.m in Sources */,
				241E723F38AC4816BF5C312A /* BNCLinkCache.m in Sources */,
				1C716F8AC7A746CC82FC0BB5 /* BNCLinkData.m in Sources */,
				55523448E6A54627BB361584 /* BNCLocalization.m in Sources */,
				E9B3921ACA9F4D1A874756D9 /* BNCLog.m in Sources */,
				E7B7F748A3BA495BB9E0705F /* BNCPreferenceHelper.m in Sources */,
				B44AB98418DB4136940762DA /* BNCSpotlightService.m in Sources */,
				91D6779736BD4E83A2ED716B /* BNCStrongMatchHelper.m in Sources */,
				B3CA52119D184F1C9B7EF32E /* BNCSystemObserver.m in Sources */,
				F261077A29ED4C2BABCA4EFF /* BNCURLBlackList.m in Sources */,
				0652B50BC19E4004B1FA991F /* Branch+Validator.m in Sources */,
				4579B03618B1483792B915F1 /* Branch.m in Sources */,
				E4258DBB093246C4845FA4AE /* BranchActivityItemProvider.m in Sources */,
				46456B839D1C4565BAF10D44 /* BranchCSSearchableItemAttributeSet.m in Sources */,
				8D53F1B7609B47F6AF928FE8 /* BranchConstants.m in Sources */,
				8FD83C96139548439D32AAB1 /* BranchContentDiscoverer.m in Sources */,
				A1D7D05AA43E4D8AA42E4752 /* BranchContentDiscoveryManifest.m in Sources */,
				C75916BB9FD743C590AFCC77 /* BranchContentPathProperties.m in Sources */,
				2EB24A0A81C34EF89051BB21 /* BranchDelegate.m in Sources */,
				D0266E7A0764470CBA452AA1 /* BranchEvent.m in Sources */,
				FEB03F0C4635488A9F4BFA38 /* BranchLinkProperties.m in Sources */,
				2738473BF5694871B8E2FF11 /* BranchShareLink.m in Sources */,
				919FCCFE3FDB41EAA6A28E21 /* BranchUniversalObject.m in Sources */,
				7FDB563A83FB4E49A020A7CE /* BranchView.m in Sources */,
				3EAC404AD31C4BFD9DCC1EAB /* BranchViewHandler.m in Sources */,
				FCBE439AD373496698A7E3A1 /* NSMutableDictionary+Branch.m in Sources */,
				DDB0393493054E3896494668 /* NSString+Branch.m in Sources */,
				C34F18B89DDD41EF987318A8 /* UIViewController+Branch.m in Sources */,
				9D39528B249045478C30D75C /* BNCNetworkService.m in Sources */,
				E507C744DB10478BB1AF07E5 /* BNCServerInterface.m in Sources */,
				99074B0556324BB5B82489BA /* BNCServerRequest.m in Sources */,
				82F28B947DE2415FBEC47E1F /* BNCServerRequestQueue.m in Sources */,
				6DB0AF036B2B4F7293086C0F /* BNCServerResponse.m in Sources */,
				8D4BADBC541F454289CE9A1A /* BranchCloseRequest.m in Sources */,
				3116CB99BA9F40D8BA3FB150 /* BranchCreditHistoryRequest.m in Sources */,
				BF882F5DC7004AB1AC0F3E00 /* BranchInstallRequest.m in Sources */,
				BE95D059424F4E6796A8210F /* BranchLoadRewardsRequest.m in Sources */,
				0309A1CDB2794D86815FB313 /* BranchLogoutRequest.m in Sources */,
				98CF926258864B10AFA2C66E /* BranchOpenRequest.m in Sources */,
				EED1BC0FC745482494655197 /* BranchRedeemRewardsRequest.m in Sources */,
				FA99D7881E9C46098348B3C0 /* BranchRegisterViewRequest.m in Sources */,
				8665A0DEB1E14C7A93258EAB /* BranchSetIdentityRequest.m in Sources */,
				2E8BFE8AE51B4F0C83A76566 /* BranchShortUrlRequest.m in Sources */,
				F9A7402F14294AE59BA5A26F /* BranchShortUrlSyncRequest.m in Sources */,
				960FBADC895C4638ADCF4662 /* BranchSpotlightUrlRequest.m in Sources */,
				BA8438F81CF84988B476F441 /* BranchUserCompletedActionRequest.m in Sources */,
				65D04116BB0B4E2383686F1A /* CDVBattery.m in Sources */,
				EBFE6373C4FF45859095A412 /* UIImage+CropScaleOrientation.m in Sources */,
				5921FE8281FC432795A8A0CC /* CDVCamera.m in Sources */,
				14484CB777C7428BA2AF1BFF /* CDVJpegHeaderWriter.m in Sources */,
				BE490ABC0D674DA59A5C5AF3 /* CDVFile.m in Sources */,
				0DCDACF64C6E4DD792DEE342 /* CDVLocalFilesystem.m in Sources */,
				B855084D9281411890024695 /* CDVAssetLibraryFilesystem.m in Sources */,
				9EA6B9DB87674ACBB213B655 /* CDVCapture.m in Sources */,
				FAB0E39974AC46C0914F2468 /* CDVDevice.m in Sources */,
				7A3A08BE29A14542BB07D492 /* CDVNotification.m in Sources */,
				32931EA5C4C24951A0CD0DD2 /* CDVLocation.m in Sources */,
				FC8FBA03CFFF4D06B15B274D /* CDVGlobalization.m in Sources */,
				EBF123908C1442E08545F360 /* CDVInAppBrowser.m in Sources */,
				F0D5CB4060C148128E742F08 /* CDVConnection.m in Sources */,
				1D91EA1541C74BB3BE33583B /* CDVReachability.m in Sources */,
				B2DD4A439D7A48A2814AFE86 /* CDVVibration.m in Sources */,
			);
			runOnlyForDeploymentPostprocessing = 0;
		};
/* End PBXSourcesBuildPhase section */

/* Begin PBXTargetDependency section */
		301BF551109A68C00062928A /* PBXTargetDependency */ = {
			isa = PBXTargetDependency;
			name = CordovaLib;
			targetProxy = 301BF550109A68C00062928A /* PBXContainerItemProxy */;
		};
/* End PBXTargetDependency section */

/* Begin XCBuildConfiguration section */
		1D6058940D05DD3E006BFB54 /* Debug */ = {
			isa = XCBuildConfiguration;
			baseConfigurationReference = 3047A50F1AB8059700498E2A /* build-debug.xcconfig */;
			buildSettings = {
				ALWAYS_SEARCH_USER_PATHS = NO;
				ASSETCATALOG_COMPILER_APPICON_NAME = AppIcon;
				ASSETCATALOG_COMPILER_LAUNCHIMAGE_NAME = LaunchImage;
				CLANG_ENABLE_MODULES = YES;
				CLANG_ENABLE_OBJC_ARC = YES;
				COPY_PHASE_STRIP = NO;
				GCC_DYNAMIC_NO_PIC = NO;
				GCC_OPTIMIZATION_LEVEL = 0;
				GCC_PRECOMPILE_PREFIX_HEADER = YES;
				GCC_PREFIX_HEADER = "PhoneGap1/PhoneGap1-Prefix.pch";
				GCC_THUMB_SUPPORT = NO;
				GCC_VERSION = "";
				INFOPLIST_FILE = "PhoneGap1/PhoneGap1-Info.plist";
				IPHONEOS_DEPLOYMENT_TARGET = 9.0;
				LD_RUNPATH_SEARCH_PATHS = "@executable_path/Frameworks";
				TARGETED_DEVICE_FAMILY = "1,2";
				PRODUCT_NAME = "PhoneGap1";
			};
			name = Debug;
		};
		1D6058950D05DD3E006BFB54 /* Release */ = {
			isa = XCBuildConfiguration;
			baseConfigurationReference = 3047A5101AB8059700498E2A /* build-release.xcconfig */;
			buildSettings = {
				ALWAYS_SEARCH_USER_PATHS = NO;
				ASSETCATALOG_COMPILER_APPICON_NAME = AppIcon;
				ASSETCATALOG_COMPILER_LAUNCHIMAGE_NAME = LaunchImage;
				CLANG_ENABLE_MODULES = YES;
				CLANG_ENABLE_OBJC_ARC = YES;
				COPY_PHASE_STRIP = YES;
				GCC_PRECOMPILE_PREFIX_HEADER = YES;
				GCC_PREFIX_HEADER = "PhoneGap1/PhoneGap1-Prefix.pch";
				GCC_THUMB_SUPPORT = NO;
				GCC_VERSION = "";
				INFOPLIST_FILE = "PhoneGap1/PhoneGap1-Info.plist";
				IPHONEOS_DEPLOYMENT_TARGET = 9.0;
				LD_RUNPATH_SEARCH_PATHS = "@executable_path/Frameworks";
				TARGETED_DEVICE_FAMILY = "1,2";
				PRODUCT_NAME = "PhoneGap1";
			};
			name = Release;
		};
		C01FCF4F08A954540054247B /* Debug */ = {
			isa = XCBuildConfiguration;
			baseConfigurationReference = 3047A5111AB8059700498E2A /* build.xcconfig */;
			buildSettings = {
				CLANG_ENABLE_MODULES = YES;
				CLANG_ENABLE_OBJC_ARC = YES;
				CLANG_WARN_BOOL_CONVERSION = YES;
				CLANG_WARN_CONSTANT_CONVERSION = YES;
				CLANG_WARN_EMPTY_BODY = YES;
				CLANG_WARN_ENUM_CONVERSION = YES;
				CLANG_WARN_INT_CONVERSION = YES;
				CLANG_WARN__DUPLICATE_METHOD_MATCH = YES;
				GCC_C_LANGUAGE_STANDARD = c99;
				GCC_THUMB_SUPPORT = NO;
				GCC_VERSION = "";
				GCC_WARN_ABOUT_RETURN_TYPE = YES;
				GCC_WARN_UNDECLARED_SELECTOR = YES;
				GCC_WARN_UNINITIALIZED_AUTOS = YES;
				GCC_WARN_UNUSED_FUNCTION = YES;
				GCC_WARN_UNUSED_VARIABLE = YES;
				ONLY_ACTIVE_ARCH = YES;
				SDKROOT = iphoneos;
				SKIP_INSTALL = NO;
				ASSETCATALOG_COMPILER_LAUNCHIMAGE_NAME = LaunchImage;
			};
			name = Debug;
		};
		C01FCF5008A954540054247B /* Release */ = {
			isa = XCBuildConfiguration;
			baseConfigurationReference = 3047A5111AB8059700498E2A /* build.xcconfig */;
			buildSettings = {
				CLANG_ENABLE_MODULES = YES;
				CLANG_ENABLE_OBJC_ARC = YES;
				CLANG_WARN_BOOL_CONVERSION = YES;
				CLANG_WARN_CONSTANT_CONVERSION = YES;
				CLANG_WARN_EMPTY_BODY = YES;
				CLANG_WARN_ENUM_CONVERSION = YES;
				CLANG_WARN_INT_CONVERSION = YES;
				CLANG_WARN__DUPLICATE_METHOD_MATCH = YES;
				GCC_C_LANGUAGE_STANDARD = c99;
				GCC_THUMB_SUPPORT = NO;
				GCC_VERSION = "";
				GCC_WARN_ABOUT_RETURN_TYPE = YES;
				GCC_WARN_UNDECLARED_SELECTOR = YES;
				GCC_WARN_UNINITIALIZED_AUTOS = YES;
				GCC_WARN_UNUSED_FUNCTION = YES;
				GCC_WARN_UNUSED_VARIABLE = YES;
				SDKROOT = iphoneos;
				SKIP_INSTALL = NO;
				ASSETCATALOG_COMPILER_LAUNCHIMAGE_NAME = LaunchImage;
			};
			name = Release;
		};
/* End XCBuildConfiguration section */

/* Begin XCConfigurationList section */
		1D6058960D05DD3E006BFB54 /* Build configuration list for PBXNativeTarget "PhoneGap1" */ = {
			isa = XCConfigurationList;
			buildConfigurations = (
				1D6058940D05DD3E006BFB54 /* Debug */,
				1D6058950D05DD3E006BFB54 /* Release */,
			);
			defaultConfigurationIsVisible = 0;
			defaultConfigurationName = Release;
		};
		C01FCF4E08A954540054247B /* Build configuration list for PBXProject "__NON-CLI__" */ = {
			isa = XCConfigurationList;
			buildConfigurations = (
				C01FCF4F08A954540054247B /* Debug */,
				C01FCF5008A954540054247B /* Release */,
			);
			defaultConfigurationIsVisible = 0;
			defaultConfigurationName = Release;
		};
/* End XCConfigurationList section */
	};
	rootObject = 29B97313FDCFA39411CA2CEA /* Project object */;
}
